// !$*UTF8*$!
{
	archiveVersion = 1;
	classes = {
	};
	objectVersion = 46;
	objects = {

/* Begin PBXBuildFile section */
		6818B5751E2C9CC3006BFE7D /* ic_next.png in Resources */ = {isa = PBXBuildFile; fileRef = 6818B5711E2C9CBB006BFE7D /* ic_next.png */; };
		6818B5761E2C9CC3006BFE7D /* ic_signature.png in Resources */ = {isa = PBXBuildFile; fileRef = 6818B5721E2C9CBB006BFE7D /* ic_signature.png */; };
		6818B5771E2C9CC3006BFE7D /* ic_stamp.png in Resources */ = {isa = PBXBuildFile; fileRef = 6818B5731E2C9CBB006BFE7D /* ic_stamp.png */; };
		6818B5781E2C9CC3006BFE7D /* ic_stamp.png.bak.png in Resources */ = {isa = PBXBuildFile; fileRef = 6818B5741E2C9CBB006BFE7D /* ic_stamp.png.bak.png */; };
		6818B5791E2C9EC9006BFE7D /* MuFileselectViewController.xib in Resources */ = {isa = PBXBuildFile; fileRef = 685455211E1E4B410083354B /* MuFileselectViewController.xib */; };
		6818B57A1E2C9EC9006BFE7D /* MuFileselectViewController.xib in Resources */ = {isa = PBXBuildFile; fileRef = 685455211E1E4B410083354B /* MuFileselectViewController.xib */; };
		682566CD1E6EB5F700C25A4D /* NTKOPfxFile.m in Sources */ = {isa = PBXBuildFile; fileRef = 682566CC1E6EB5F700C25A4D /* NTKOPfxFile.m */; };
		682566CE1E6EB5F700C25A4D /* NTKOPfxFile.m in Sources */ = {isa = PBXBuildFile; fileRef = 682566CC1E6EB5F700C25A4D /* NTKOPfxFile.m */; };
		6835282C1E640017008333F3 /* NTKODsNormalFile.m in Sources */ = {isa = PBXBuildFile; fileRef = 683528271E640017008333F3 /* NTKODsNormalFile.m */; };
		6835282D1E640017008333F3 /* NTKODsNormalFile.m in Sources */ = {isa = PBXBuildFile; fileRef = 683528271E640017008333F3 /* NTKODsNormalFile.m */; };
		6835282F1E640017008333F3 /* NTKOLoginView.m in Sources */ = {isa = PBXBuildFile; fileRef = 683528291E640017008333F3 /* NTKOLoginView.m */; };
		683528301E640017008333F3 /* NTKOViewController.m in Sources */ = {isa = PBXBuildFile; fileRef = 6835282B1E640017008333F3 /* NTKOViewController.m */; };
		683528311E640017008333F3 /* NTKOViewController.m in Sources */ = {isa = PBXBuildFile; fileRef = 6835282B1E640017008333F3 /* NTKOViewController.m */; };
		68460D6A1E5C330500348BDF /* ic_settings.png in Resources */ = {isa = PBXBuildFile; fileRef = 68460D691E5C32EC00348BDF /* ic_settings.png */; };
		68460D6B1E5C330600348BDF /* ic_settings.png in Resources */ = {isa = PBXBuildFile; fileRef = 68460D691E5C32EC00348BDF /* ic_settings.png */; };
		68460D6C1E5C330600348BDF /* ic_settings.png in Resources */ = {isa = PBXBuildFile; fileRef = 68460D691E5C32EC00348BDF /* ic_settings.png */; };
		685454F21E1E48370083354B /* main.m in Sources */ = {isa = PBXBuildFile; fileRef = 96C8ED001779A88E00A30AF4 /* main.m */; };
		685454F31E1E48370083354B /* common.m in Sources */ = {isa = PBXBuildFile; fileRef = DA1C68C317E8969C0061F586 /* common.m */; };
		685454FE1E1E48370083354B /* libmupdf.a in Frameworks */ = {isa = PBXBuildFile; fileRef = 96C8ED151779A9AE00A30AF4 /* libmupdf.a */; };
		685454FF1E1E48370083354B /* libmupdfthird.a in Frameworks */ = {isa = PBXBuildFile; fileRef = 96C8ED141779A9AE00A30AF4 /* libmupdfthird.a */; };
		685455011E1E48370083354B /* Default-568h@2x.png in Resources */ = {isa = PBXBuildFile; fileRef = E845CC6D1C20C09B00474C19 /* Default-568h@2x.png */; };
		685455021E1E48370083354B /* ic_annotation.png in Resources */ = {isa = PBXBuildFile; fileRef = DA7AAA3A18E45FA300A577E3 /* ic_annotation.png */; };
		685455031E1E48370083354B /* ic_print.png in Resources */ = {isa = PBXBuildFile; fileRef = DA32FC7218E33CC7001D7902 /* ic_print.png */; };
		685455041E1E48370083354B /* MuTextFieldController.xib in Resources */ = {isa = PBXBuildFile; fileRef = DA4C0621187B1EA200755D0D /* MuTextFieldController.xib */; };
		685455051E1E48370083354B /* MuChoiceFieldController.xib in Resources */ = {isa = PBXBuildFile; fileRef = DAFF997A187C12430081C756 /* MuChoiceFieldController.xib */; };
		685455061E1E48370083354B /* x_alt_blue.png in Resources */ = {isa = PBXBuildFile; fileRef = 96E1CDEC1779A60700FCF717 /* x_alt_blue.png */; };
		685455071E1E48370083354B /* Images.xcassets in Resources */ = {isa = PBXBuildFile; fileRef = 7C6152E719DDD6A90095ECAC /* Images.xcassets */; };
		685455081E1E48370083354B /* x_alt_blue@2x.png in Resources */ = {isa = PBXBuildFile; fileRef = 96E1CDED1779A60700FCF717 /* x_alt_blue@2x.png */; };
		685455091E1E48370083354B /* ic_arrow_left.png in Resources */ = {isa = PBXBuildFile; fileRef = DAB9F4B517F1B24000117D2E /* ic_arrow_left.png */; };
		6854550A1E1E48370083354B /* ic_arrow_right.png in Resources */ = {isa = PBXBuildFile; fileRef = DAB9F4B617F1B24000117D2E /* ic_arrow_right.png */; };
		6854550B1E1E48370083354B /* ic_cancel.png in Resources */ = {isa = PBXBuildFile; fileRef = DAB9F4B717F1B24000117D2E /* ic_cancel.png */; };
		6854550C1E1E48370083354B /* ic_link.png in Resources */ = {isa = PBXBuildFile; fileRef = DAB9F4B817F1B24000117D2E /* ic_link.png */; };
		6854550D1E1E48370083354B /* ic_list.png in Resources */ = {isa = PBXBuildFile; fileRef = DAB9F4B917F1B24000117D2E /* ic_list.png */; };
		6854550E1E1E48370083354B /* ic_magnifying_glass.png in Resources */ = {isa = PBXBuildFile; fileRef = DAB9F4BA17F1B24000117D2E /* ic_magnifying_glass.png */; };
		6854550F1E1E48370083354B /* Launch Screen.xib in Resources */ = {isa = PBXBuildFile; fileRef = 7C6152E919DDF05B0095ECAC /* Launch Screen.xib */; };
		685455101E1E48370083354B /* ic_reflow.png in Resources */ = {isa = PBXBuildFile; fileRef = DAB9F4C117F1CB6D00117D2E /* ic_reflow.png */; };
		685455111E1E48370083354B /* ic_more.png in Resources */ = {isa = PBXBuildFile; fileRef = DAD47D291832475C00E173A0 /* ic_more.png */; };
		685455121E1E48370083354B /* ic_highlight.png in Resources */ = {isa = PBXBuildFile; fileRef = DAD47D2B1832615900E173A0 /* ic_highlight.png */; };
		685455131E1E48370083354B /* ic_strike.png in Resources */ = {isa = PBXBuildFile; fileRef = DAD47D2C1832615900E173A0 /* ic_strike.png */; };
		685455141E1E48370083354B /* ic_underline.png in Resources */ = {isa = PBXBuildFile; fileRef = DAD47D2D1832615900E173A0 /* ic_underline.png */; };
		685455151E1E48370083354B /* ic_check.png in Resources */ = {isa = PBXBuildFile; fileRef = DACD12261833CDA600D4B9C5 /* ic_check.png */; };
		685455161E1E48370083354B /* ic_pen.png in Resources */ = {isa = PBXBuildFile; fileRef = DA442E2C183B796F008EF49B /* ic_pen.png */; };
		685455171E1E48370083354B /* ic_trash.png in Resources */ = {isa = PBXBuildFile; fileRef = DAD72803183E6F33005C14FA /* ic_trash.png */; };
		685455181E1E48370083354B /* ic_share.png in Resources */ = {isa = PBXBuildFile; fileRef = DADF824C1905241900855662 /* ic_share.png */; };
		6854552D1E1E4B5F0083354B /* MuFileselectViewController.m in Sources */ = {isa = PBXBuildFile; fileRef = 685455201E1E4B410083354B /* MuFileselectViewController.m */; };
		6854552E1E1E4B5F0083354B /* MuHanddrawView.m in Sources */ = {isa = PBXBuildFile; fileRef = 685455231E1E4B410083354B /* MuHanddrawView.m */; };
		685455301E1E4B5F0083354B /* MuSignView.m in Sources */ = {isa = PBXBuildFile; fileRef = 685455281E1E4B410083354B /* MuSignView.m */; };
		685455311E1E4B5F0083354B /* MuLibraryController.m in Sources */ = {isa = PBXBuildFile; fileRef = DA1C689917E85E8E0061F586 /* MuLibraryController.m */; };
		685455321E1E4B5F0083354B /* MuOutlineController.m in Sources */ = {isa = PBXBuildFile; fileRef = DA1C689D17E861020061F586 /* MuOutlineController.m */; };
		685455331E1E4B5F0083354B /* MuHitView.m in Sources */ = {isa = PBXBuildFile; fileRef = DA1C689F17E861870061F586 /* MuHitView.m */; };
		685455341E1E4B5F0083354B /* MuTextSelectView.m in Sources */ = {isa = PBXBuildFile; fileRef = DAD2BA811835064E00E7C49D /* MuTextSelectView.m */; };
		685455351E1E4B5F0083354B /* MuInkView.m in Sources */ = {isa = PBXBuildFile; fileRef = DA442E2F183B9F13008EF49B /* MuInkView.m */; };
		685455361E1E4B5F0083354B /* MuAnnotSelectView.m in Sources */ = {isa = PBXBuildFile; fileRef = DAD72801183E53F0005C14FA /* MuAnnotSelectView.m */; };
		685455371E1E4B5F0083354B /* MuWord.m in Sources */ = {isa = PBXBuildFile; fileRef = DAB067A51831225D00DDA774 /* MuWord.m */; };
		685455381E1E4B5F0083354B /* MuAnnotation.m in Sources */ = {isa = PBXBuildFile; fileRef = DAD10488183D0A2900960F4C /* MuAnnotation.m */; };
		685455391E1E4B5F0083354B /* MuPageViewNormal.m in Sources */ = {isa = PBXBuildFile; fileRef = DA1C68A517E863C70061F586 /* MuPageViewNormal.m */; };
		6854553A1E1E4B5F0083354B /* MuDocumentController.m in Sources */ = {isa = PBXBuildFile; fileRef = DA1C68A717E864180061F586 /* MuDocumentController.m */; };
		6854553B1E1E4B5F0083354B /* MuAppDelegate.m in Sources */ = {isa = PBXBuildFile; fileRef = DA1C68A917E864CB0061F586 /* MuAppDelegate.m */; };
		6854553C1E1E4B5F0083354B /* MuDocRef.m in Sources */ = {isa = PBXBuildFile; fileRef = DABDEF5917EC484A00AC35F1 /* MuDocRef.m */; };
		6854553D1E1E4B5F0083354B /* MuPageViewReflow.m in Sources */ = {isa = PBXBuildFile; fileRef = DAA6E56E17F03AAE002B1E4E /* MuPageViewReflow.m */; };
		6854553E1E1E4B5F0083354B /* MuTapResult.m in Sources */ = {isa = PBXBuildFile; fileRef = DAAC6A2D17FC6E4A00A0E83A /* MuTapResult.m */; };
		6854553F1E1E4B5F0083354B /* MuTextFieldController.m in Sources */ = {isa = PBXBuildFile; fileRef = DA4C0620187B1EA200755D0D /* MuTextFieldController.m */; };
		685455401E1E4B5F0083354B /* MuChoiceFieldController.m in Sources */ = {isa = PBXBuildFile; fileRef = DAFF9979187C12430081C756 /* MuChoiceFieldController.m */; };
		685455411E1E4B5F0083354B /* MuPrintPageRenderer.m in Sources */ = {isa = PBXBuildFile; fileRef = DA0354EA18FFF48400EE31BA /* MuPrintPageRenderer.m */; };
		685455461E1E4B600083354B /* MuFileselectViewController.m in Sources */ = {isa = PBXBuildFile; fileRef = 685455201E1E4B410083354B /* MuFileselectViewController.m */; };
		685455471E1E4B600083354B /* MuHanddrawView.m in Sources */ = {isa = PBXBuildFile; fileRef = 685455231E1E4B410083354B /* MuHanddrawView.m */; };
		685455491E1E4B600083354B /* MuSignView.m in Sources */ = {isa = PBXBuildFile; fileRef = 685455281E1E4B410083354B /* MuSignView.m */; };
		6854554A1E1E4B600083354B /* MuLibraryController.m in Sources */ = {isa = PBXBuildFile; fileRef = DA1C689917E85E8E0061F586 /* MuLibraryController.m */; };
		6854554B1E1E4B600083354B /* MuOutlineController.m in Sources */ = {isa = PBXBuildFile; fileRef = DA1C689D17E861020061F586 /* MuOutlineController.m */; };
		6854554C1E1E4B600083354B /* MuHitView.m in Sources */ = {isa = PBXBuildFile; fileRef = DA1C689F17E861870061F586 /* MuHitView.m */; };
		6854554D1E1E4B600083354B /* MuTextSelectView.m in Sources */ = {isa = PBXBuildFile; fileRef = DAD2BA811835064E00E7C49D /* MuTextSelectView.m */; };
		6854554E1E1E4B600083354B /* MuInkView.m in Sources */ = {isa = PBXBuildFile; fileRef = DA442E2F183B9F13008EF49B /* MuInkView.m */; };
		6854554F1E1E4B600083354B /* MuAnnotSelectView.m in Sources */ = {isa = PBXBuildFile; fileRef = DAD72801183E53F0005C14FA /* MuAnnotSelectView.m */; };
		685455501E1E4B600083354B /* MuWord.m in Sources */ = {isa = PBXBuildFile; fileRef = DAB067A51831225D00DDA774 /* MuWord.m */; };
		685455511E1E4B600083354B /* MuAnnotation.m in Sources */ = {isa = PBXBuildFile; fileRef = DAD10488183D0A2900960F4C /* MuAnnotation.m */; };
		685455521E1E4B600083354B /* MuPageViewNormal.m in Sources */ = {isa = PBXBuildFile; fileRef = DA1C68A517E863C70061F586 /* MuPageViewNormal.m */; };
		685455531E1E4B600083354B /* MuDocumentController.m in Sources */ = {isa = PBXBuildFile; fileRef = DA1C68A717E864180061F586 /* MuDocumentController.m */; };
		685455541E1E4B600083354B /* MuAppDelegate.m in Sources */ = {isa = PBXBuildFile; fileRef = DA1C68A917E864CB0061F586 /* MuAppDelegate.m */; };
		685455551E1E4B600083354B /* MuDocRef.m in Sources */ = {isa = PBXBuildFile; fileRef = DABDEF5917EC484A00AC35F1 /* MuDocRef.m */; };
		685455561E1E4B600083354B /* MuPageViewReflow.m in Sources */ = {isa = PBXBuildFile; fileRef = DAA6E56E17F03AAE002B1E4E /* MuPageViewReflow.m */; };
		685455571E1E4B600083354B /* MuTapResult.m in Sources */ = {isa = PBXBuildFile; fileRef = DAAC6A2D17FC6E4A00A0E83A /* MuTapResult.m */; };
		685455581E1E4B600083354B /* MuTextFieldController.m in Sources */ = {isa = PBXBuildFile; fileRef = DA4C0620187B1EA200755D0D /* MuTextFieldController.m */; };
		685455591E1E4B600083354B /* MuChoiceFieldController.m in Sources */ = {isa = PBXBuildFile; fileRef = DAFF9979187C12430081C756 /* MuChoiceFieldController.m */; };
		6854555A1E1E4B600083354B /* MuPrintPageRenderer.m in Sources */ = {isa = PBXBuildFile; fileRef = DA0354EA18FFF48400EE31BA /* MuPrintPageRenderer.m */; };
		687BED001E5BEB4B00DE551E /* MuAnnotation.m in Sources */ = {isa = PBXBuildFile; fileRef = DAD10488183D0A2900960F4C /* MuAnnotation.m */; };
		687BED011E5BEB4B00DE551E /* main.m in Sources */ = {isa = PBXBuildFile; fileRef = 96C8ED001779A88E00A30AF4 /* main.m */; };
		687BED021E5BEB4B00DE551E /* MuHitView.m in Sources */ = {isa = PBXBuildFile; fileRef = DA1C689F17E861870061F586 /* MuHitView.m */; };
		687BED031E5BEB4B00DE551E /* MuInkView.m in Sources */ = {isa = PBXBuildFile; fileRef = DA442E2F183B9F13008EF49B /* MuInkView.m */; };
		687BED041E5BEB4B00DE551E /* MuLibraryController.m in Sources */ = {isa = PBXBuildFile; fileRef = DA1C689917E85E8E0061F586 /* MuLibraryController.m */; };
		687BED051E5BEB4B00DE551E /* MuWord.m in Sources */ = {isa = PBXBuildFile; fileRef = DAB067A51831225D00DDA774 /* MuWord.m */; };
		687BED061E5BEB4B00DE551E /* MuDocumentController.m in Sources */ = {isa = PBXBuildFile; fileRef = DA1C68A717E864180061F586 /* MuDocumentController.m */; };
		687BED071E5BEB4B00DE551E /* MuPrintPageRenderer.m in Sources */ = {isa = PBXBuildFile; fileRef = DA0354EA18FFF48400EE31BA /* MuPrintPageRenderer.m */; };
		687BED081E5BEB4B00DE551E /* MuTextSelectView.m in Sources */ = {isa = PBXBuildFile; fileRef = DAD2BA811835064E00E7C49D /* MuTextSelectView.m */; };
		687BED091E5BEB4B00DE551E /* MuTextFieldController.m in Sources */ = {isa = PBXBuildFile; fileRef = DA4C0620187B1EA200755D0D /* MuTextFieldController.m */; };
		687BED0A1E5BEB4B00DE551E /* MuPageViewNormal.m in Sources */ = {isa = PBXBuildFile; fileRef = DA1C68A517E863C70061F586 /* MuPageViewNormal.m */; };
		687BED0B1E5BEB4B00DE551E /* MuHanddrawView.m in Sources */ = {isa = PBXBuildFile; fileRef = 685455231E1E4B410083354B /* MuHanddrawView.m */; };
		687BED0C1E5BEB4B00DE551E /* MuAppDelegate.m in Sources */ = {isa = PBXBuildFile; fileRef = DA1C68A917E864CB0061F586 /* MuAppDelegate.m */; };
		687BED0D1E5BEB4B00DE551E /* common.m in Sources */ = {isa = PBXBuildFile; fileRef = DA1C68C317E8969C0061F586 /* common.m */; };
		687BED0E1E5BEB4B00DE551E /* MuDocRef.m in Sources */ = {isa = PBXBuildFile; fileRef = DABDEF5917EC484A00AC35F1 /* MuDocRef.m */; };
		687BED0F1E5BEB4B00DE551E /* MuFileselectViewController.m in Sources */ = {isa = PBXBuildFile; fileRef = 685455201E1E4B410083354B /* MuFileselectViewController.m */; };
		687BED111E5BEB4B00DE551E /* MuOutlineController.m in Sources */ = {isa = PBXBuildFile; fileRef = DA1C689D17E861020061F586 /* MuOutlineController.m */; };
		687BED121E5BEB4B00DE551E /* MuPageViewReflow.m in Sources */ = {isa = PBXBuildFile; fileRef = DAA6E56E17F03AAE002B1E4E /* MuPageViewReflow.m */; };
		687BED131E5BEB4B00DE551E /* MuSignView.m in Sources */ = {isa = PBXBuildFile; fileRef = 685455281E1E4B410083354B /* MuSignView.m */; };
		687BED141E5BEB4B00DE551E /* MuTapResult.m in Sources */ = {isa = PBXBuildFile; fileRef = DAAC6A2D17FC6E4A00A0E83A /* MuTapResult.m */; };
		687BED151E5BEB4B00DE551E /* MuAnnotSelectView.m in Sources */ = {isa = PBXBuildFile; fileRef = DAD72801183E53F0005C14FA /* MuAnnotSelectView.m */; };
		687BED161E5BEB4B00DE551E /* MuChoiceFieldController.m in Sources */ = {isa = PBXBuildFile; fileRef = DAFF9979187C12430081C756 /* MuChoiceFieldController.m */; };
		687BED181E5BEB4B00DE551E /* libcrypto.a in Frameworks */ = {isa = PBXBuildFile; fileRef = 68DEB0B61E2C993D003CCD96 /* libcrypto.a */; };
		687BED191E5BEB4B00DE551E /* libssl.a in Frameworks */ = {isa = PBXBuildFile; fileRef = 68DEB0B71E2C993D003CCD96 /* libssl.a */; };
		687BED1A1E5BEB4B00DE551E /* libmupdf.a in Frameworks */ = {isa = PBXBuildFile; fileRef = 96C8ED151779A9AE00A30AF4 /* libmupdf.a */; settings = {ATTRIBUTES = (Required, ); }; };
		687BED1B1E5BEB4B00DE551E /* libmupdfthird.a in Frameworks */ = {isa = PBXBuildFile; fileRef = 96C8ED141779A9AE00A30AF4 /* libmupdfthird.a */; };
		687BED1D1E5BEB4B00DE551E /* ic_next.png in Resources */ = {isa = PBXBuildFile; fileRef = 6818B5711E2C9CBB006BFE7D /* ic_next.png */; };
		687BED1E1E5BEB4B00DE551E /* ic_signature.png in Resources */ = {isa = PBXBuildFile; fileRef = 6818B5721E2C9CBB006BFE7D /* ic_signature.png */; };
		687BED1F1E5BEB4B00DE551E /* ic_stamp.png in Resources */ = {isa = PBXBuildFile; fileRef = 6818B5731E2C9CBB006BFE7D /* ic_stamp.png */; };
		687BED201E5BEB4B00DE551E /* MuFileselectViewController.xib in Resources */ = {isa = PBXBuildFile; fileRef = 685455211E1E4B410083354B /* MuFileselectViewController.xib */; };
		687BED211E5BEB4B00DE551E /* ic_stamp.png.bak.png in Resources */ = {isa = PBXBuildFile; fileRef = 6818B5741E2C9CBB006BFE7D /* ic_stamp.png.bak.png */; };
		687BED221E5BEB4B00DE551E /* Default-568h@2x.png in Resources */ = {isa = PBXBuildFile; fileRef = E845CC6D1C20C09B00474C19 /* Default-568h@2x.png */; };
		687BED231E5BEB4B00DE551E /* ic_annotation.png in Resources */ = {isa = PBXBuildFile; fileRef = DA7AAA3A18E45FA300A577E3 /* ic_annotation.png */; };
		687BED241E5BEB4B00DE551E /* ic_print.png in Resources */ = {isa = PBXBuildFile; fileRef = DA32FC7218E33CC7001D7902 /* ic_print.png */; };
		687BED251E5BEB4B00DE551E /* MuTextFieldController.xib in Resources */ = {isa = PBXBuildFile; fileRef = DA4C0621187B1EA200755D0D /* MuTextFieldController.xib */; };
		687BED261E5BEB4B00DE551E /* MuChoiceFieldController.xib in Resources */ = {isa = PBXBuildFile; fileRef = DAFF997A187C12430081C756 /* MuChoiceFieldController.xib */; };
		687BED271E5BEB4B00DE551E /* x_alt_blue.png in Resources */ = {isa = PBXBuildFile; fileRef = 96E1CDEC1779A60700FCF717 /* x_alt_blue.png */; };
		687BED281E5BEB4B00DE551E /* Images.xcassets in Resources */ = {isa = PBXBuildFile; fileRef = 7C6152E719DDD6A90095ECAC /* Images.xcassets */; };
		687BED291E5BEB4B00DE551E /* x_alt_blue@2x.png in Resources */ = {isa = PBXBuildFile; fileRef = 96E1CDED1779A60700FCF717 /* x_alt_blue@2x.png */; };
		687BED2A1E5BEB4B00DE551E /* ic_arrow_left.png in Resources */ = {isa = PBXBuildFile; fileRef = DAB9F4B517F1B24000117D2E /* ic_arrow_left.png */; };
		687BED2B1E5BEB4B00DE551E /* ic_arrow_right.png in Resources */ = {isa = PBXBuildFile; fileRef = DAB9F4B617F1B24000117D2E /* ic_arrow_right.png */; };
		687BED2C1E5BEB4B00DE551E /* ic_cancel.png in Resources */ = {isa = PBXBuildFile; fileRef = DAB9F4B717F1B24000117D2E /* ic_cancel.png */; };
		687BED2D1E5BEB4B00DE551E /* ic_link.png in Resources */ = {isa = PBXBuildFile; fileRef = DAB9F4B817F1B24000117D2E /* ic_link.png */; };
		687BED2E1E5BEB4B00DE551E /* ic_list.png in Resources */ = {isa = PBXBuildFile; fileRef = DAB9F4B917F1B24000117D2E /* ic_list.png */; };
		687BED2F1E5BEB4B00DE551E /* ic_magnifying_glass.png in Resources */ = {isa = PBXBuildFile; fileRef = DAB9F4BA17F1B24000117D2E /* ic_magnifying_glass.png */; };
		687BED301E5BEB4B00DE551E /* Launch Screen.xib in Resources */ = {isa = PBXBuildFile; fileRef = 7C6152E919DDF05B0095ECAC /* Launch Screen.xib */; };
		687BED311E5BEB4B00DE551E /* ic_reflow.png in Resources */ = {isa = PBXBuildFile; fileRef = DAB9F4C117F1CB6D00117D2E /* ic_reflow.png */; };
		687BED321E5BEB4B00DE551E /* ic_more.png in Resources */ = {isa = PBXBuildFile; fileRef = DAD47D291832475C00E173A0 /* ic_more.png */; };
		687BED331E5BEB4B00DE551E /* ic_highlight.png in Resources */ = {isa = PBXBuildFile; fileRef = DAD47D2B1832615900E173A0 /* ic_highlight.png */; };
		687BED341E5BEB4B00DE551E /* ic_strike.png in Resources */ = {isa = PBXBuildFile; fileRef = DAD47D2C1832615900E173A0 /* ic_strike.png */; };
		687BED351E5BEB4B00DE551E /* ic_underline.png in Resources */ = {isa = PBXBuildFile; fileRef = DAD47D2D1832615900E173A0 /* ic_underline.png */; };
		687BED361E5BEB4B00DE551E /* ic_check.png in Resources */ = {isa = PBXBuildFile; fileRef = DACD12261833CDA600D4B9C5 /* ic_check.png */; };
		687BED381E5BEB4B00DE551E /* ic_pen.png in Resources */ = {isa = PBXBuildFile; fileRef = DA442E2C183B796F008EF49B /* ic_pen.png */; };
		687BED391E5BEB4B00DE551E /* ic_trash.png in Resources */ = {isa = PBXBuildFile; fileRef = DAD72803183E6F33005C14FA /* ic_trash.png */; };
		687BED3A1E5BEB4B00DE551E /* ic_share.png in Resources */ = {isa = PBXBuildFile; fileRef = DADF824C1905241900855662 /* ic_share.png */; };
		68A9C4001E6564DC002EE436 /* libcurl.a in Frameworks */ = {isa = PBXBuildFile; fileRef = 68A9C3FF1E6564DC002EE436 /* libcurl.a */; };
		68A9C4071E67C2FE002EE436 /* NTKOEspFile.mm in Sources */ = {isa = PBXBuildFile; fileRef = 68A9C4041E67C1EC002EE436 /* NTKOEspFile.mm */; };
		68A9C4081E67C300002EE436 /* NTKOEspFile.mm in Sources */ = {isa = PBXBuildFile; fileRef = 68A9C4041E67C1EC002EE436 /* NTKOEspFile.mm */; };
		68A9C4091E67C327002EE436 /* NTKOBaseView.m in Sources */ = {isa = PBXBuildFile; fileRef = 68A9C4021E67C1EC002EE436 /* NTKOBaseView.m */; };
		68A9C40A1E67C329002EE436 /* NTKOBaseView.m in Sources */ = {isa = PBXBuildFile; fileRef = 68A9C4021E67C1EC002EE436 /* NTKOBaseView.m */; };
		68A9C40B1E67CCB2002EE436 /* NTKOViews.xib in Resources */ = {isa = PBXBuildFile; fileRef = 68A9C4061E67C1EC002EE436 /* NTKOViews.xib */; };
		68A9C40C1E67CCB2002EE436 /* NTKOViews.xib in Resources */ = {isa = PBXBuildFile; fileRef = 68A9C4061E67C1EC002EE436 /* NTKOViews.xib */; };
		68A9C40F1E67CCB8002EE436 /* NTKOViews.xib in Resources */ = {isa = PBXBuildFile; fileRef = 68A9C4061E67C1EC002EE436 /* NTKOViews.xib */; };
		68A9C4131E67DD4A002EE436 /* NTKOPswCheckView.xib in Resources */ = {isa = PBXBuildFile; fileRef = 68A9C4121E67DD3B002EE436 /* NTKOPswCheckView.xib */; };
		68A9C4141E67DD4A002EE436 /* NTKOPswCheckView.xib in Resources */ = {isa = PBXBuildFile; fileRef = 68A9C4121E67DD3B002EE436 /* NTKOPswCheckView.xib */; };
		68A9C4151E67DD4A002EE436 /* NTKOPswCheckView.xib in Resources */ = {isa = PBXBuildFile; fileRef = 68A9C4121E67DD3B002EE436 /* NTKOPswCheckView.xib */; };
		68A9C4161E67DD4E002EE436 /* NTKOPswCheckViewController.m in Sources */ = {isa = PBXBuildFile; fileRef = 68A9C4111E67DD3B002EE436 /* NTKOPswCheckViewController.m */; };
		68A9C4171E67DD4E002EE436 /* NTKOPswCheckViewController.m in Sources */ = {isa = PBXBuildFile; fileRef = 68A9C4111E67DD3B002EE436 /* NTKOPswCheckViewController.m */; };
		68A9C4181E67DD4E002EE436 /* NTKOPswCheckViewController.m in Sources */ = {isa = PBXBuildFile; fileRef = 68A9C4111E67DD3B002EE436 /* NTKOPswCheckViewController.m */; };
		68DEB0B81E2C993D003CCD96 /* libcrypto.a in Frameworks */ = {isa = PBXBuildFile; fileRef = 68DEB0B61E2C993D003CCD96 /* libcrypto.a */; };
		68DEB0B91E2C993D003CCD96 /* libssl.a in Frameworks */ = {isa = PBXBuildFile; fileRef = 68DEB0B71E2C993D003CCD96 /* libssl.a */; };
		7C6152E819DDD6A90095ECAC /* Images.xcassets in Resources */ = {isa = PBXBuildFile; fileRef = 7C6152E719DDD6A90095ECAC /* Images.xcassets */; };
		7C6152EA19DDF05B0095ECAC /* Launch Screen.xib in Resources */ = {isa = PBXBuildFile; fileRef = 7C6152E919DDF05B0095ECAC /* Launch Screen.xib */; };
		96C8ED011779A88E00A30AF4 /* main.m in Sources */ = {isa = PBXBuildFile; fileRef = 96C8ED001779A88E00A30AF4 /* main.m */; };
		96C8ED1B1779A9AF00A30AF4 /* libmupdfthird.a in Frameworks */ = {isa = PBXBuildFile; fileRef = 96C8ED141779A9AE00A30AF4 /* libmupdfthird.a */; };
		96C8ED1C1779A9AF00A30AF4 /* libmupdf.a in Frameworks */ = {isa = PBXBuildFile; fileRef = 96C8ED151779A9AE00A30AF4 /* libmupdf.a */; };
		96E1CDF31779A60700FCF717 /* x_alt_blue.png in Resources */ = {isa = PBXBuildFile; fileRef = 96E1CDEC1779A60700FCF717 /* x_alt_blue.png */; };
		96E1CDF41779A60700FCF717 /* x_alt_blue@2x.png in Resources */ = {isa = PBXBuildFile; fileRef = 96E1CDED1779A60700FCF717 /* x_alt_blue@2x.png */; };
		DA1C68C417E8969C0061F586 /* common.m in Sources */ = {isa = PBXBuildFile; fileRef = DA1C68C317E8969C0061F586 /* common.m */; };
		DA442E2D183B796F008EF49B /* ic_pen.png in Resources */ = {isa = PBXBuildFile; fileRef = DA442E2C183B796F008EF49B /* ic_pen.png */; };
		DA4C0623187B1EA200755D0D /* MuTextFieldController.xib in Resources */ = {isa = PBXBuildFile; fileRef = DA4C0621187B1EA200755D0D /* MuTextFieldController.xib */; };
		DA7AAA3B18E4683600A577E3 /* ic_annotation.png in Resources */ = {isa = PBXBuildFile; fileRef = DA7AAA3A18E45FA300A577E3 /* ic_annotation.png */; };
		DA7AAA3C18E4683600A577E3 /* ic_print.png in Resources */ = {isa = PBXBuildFile; fileRef = DA32FC7218E33CC7001D7902 /* ic_print.png */; };
		DAB9F4BB17F1B24000117D2E /* ic_arrow_left.png in Resources */ = {isa = PBXBuildFile; fileRef = DAB9F4B517F1B24000117D2E /* ic_arrow_left.png */; };
		DAB9F4BC17F1B24000117D2E /* ic_arrow_right.png in Resources */ = {isa = PBXBuildFile; fileRef = DAB9F4B617F1B24000117D2E /* ic_arrow_right.png */; };
		DAB9F4BD17F1B24000117D2E /* ic_cancel.png in Resources */ = {isa = PBXBuildFile; fileRef = DAB9F4B717F1B24000117D2E /* ic_cancel.png */; };
		DAB9F4BE17F1B24000117D2E /* ic_link.png in Resources */ = {isa = PBXBuildFile; fileRef = DAB9F4B817F1B24000117D2E /* ic_link.png */; };
		DAB9F4BF17F1B24000117D2E /* ic_list.png in Resources */ = {isa = PBXBuildFile; fileRef = DAB9F4B917F1B24000117D2E /* ic_list.png */; };
		DAB9F4C017F1B24000117D2E /* ic_magnifying_glass.png in Resources */ = {isa = PBXBuildFile; fileRef = DAB9F4BA17F1B24000117D2E /* ic_magnifying_glass.png */; };
		DAB9F4C217F1CB6D00117D2E /* ic_reflow.png in Resources */ = {isa = PBXBuildFile; fileRef = DAB9F4C117F1CB6D00117D2E /* ic_reflow.png */; };
		DACD12271833CDA600D4B9C5 /* ic_check.png in Resources */ = {isa = PBXBuildFile; fileRef = DACD12261833CDA600D4B9C5 /* ic_check.png */; };
		DAD47D2A1832475C00E173A0 /* ic_more.png in Resources */ = {isa = PBXBuildFile; fileRef = DAD47D291832475C00E173A0 /* ic_more.png */; };
		DAD47D2E1832615900E173A0 /* ic_highlight.png in Resources */ = {isa = PBXBuildFile; fileRef = DAD47D2B1832615900E173A0 /* ic_highlight.png */; };
		DAD47D2F1832615900E173A0 /* ic_strike.png in Resources */ = {isa = PBXBuildFile; fileRef = DAD47D2C1832615900E173A0 /* ic_strike.png */; };
		DAD47D301832615900E173A0 /* ic_underline.png in Resources */ = {isa = PBXBuildFile; fileRef = DAD47D2D1832615900E173A0 /* ic_underline.png */; };
		DAD72804183E6F33005C14FA /* ic_trash.png in Resources */ = {isa = PBXBuildFile; fileRef = DAD72803183E6F33005C14FA /* ic_trash.png */; };
		DADF824D1905242800855662 /* ic_share.png in Resources */ = {isa = PBXBuildFile; fileRef = DADF824C1905241900855662 /* ic_share.png */; };
		DAFF997C187C12430081C756 /* MuChoiceFieldController.xib in Resources */ = {isa = PBXBuildFile; fileRef = DAFF997A187C12430081C756 /* MuChoiceFieldController.xib */; };
		E845CC6E1C20C09B00474C19 /* Default-568h@2x.png in Resources */ = {isa = PBXBuildFile; fileRef = E845CC6D1C20C09B00474C19 /* Default-568h@2x.png */; };
/* End PBXBuildFile section */

/* Begin PBXContainerItemProxy section */
		685454E71E1E48370083354B /* PBXContainerItemProxy */ = {
			isa = PBXContainerItemProxy;
			containerPortal = 968E1E351779A54F0050CEA3 /* Project object */;
			proxyType = 1;
			remoteGlobalIDString = 963AD8CB17D5FFD9000B0779;
			remoteInfo = Generate;
		};
		687BECFD1E5BEB4B00DE551E /* PBXContainerItemProxy */ = {
			isa = PBXContainerItemProxy;
			containerPortal = 968E1E351779A54F0050CEA3 /* Project object */;
			proxyType = 1;
			remoteGlobalIDString = 963AD8CB17D5FFD9000B0779;
			remoteInfo = Generate;
		};
		963AD8CF17D60084000B0779 /* PBXContainerItemProxy */ = {
			isa = PBXContainerItemProxy;
			containerPortal = 968E1E351779A54F0050CEA3 /* Project object */;
			proxyType = 1;
			remoteGlobalIDString = 963AD8CB17D5FFD9000B0779;
			remoteInfo = Generate;
		};
/* End PBXContainerItemProxy section */

/* Begin PBXFileReference section */
		6818B5711E2C9CBB006BFE7D /* ic_next.png */ = {isa = PBXFileReference; lastKnownFileType = image.png; name = ic_next.png; path = resources/ic_next.png; sourceTree = "<group>"; };
		6818B5721E2C9CBB006BFE7D /* ic_signature.png */ = {isa = PBXFileReference; lastKnownFileType = image.png; name = ic_signature.png; path = resources/ic_signature.png; sourceTree = "<group>"; };
		6818B5731E2C9CBB006BFE7D /* ic_stamp.png */ = {isa = PBXFileReference; lastKnownFileType = image.png; name = ic_stamp.png; path = resources/ic_stamp.png; sourceTree = "<group>"; };
		6818B5741E2C9CBB006BFE7D /* ic_stamp.png.bak.png */ = {isa = PBXFileReference; lastKnownFileType = image.png; name = ic_stamp.png.bak.png; path = resources/ic_stamp.png.bak.png; sourceTree = "<group>"; };
		682566CB1E6EB5F700C25A4D /* NTKOPfxFile.h */ = {isa = PBXFileReference; fileEncoding = 4; lastKnownFileType = sourcecode.c.h; name = NTKOPfxFile.h; path = Classes/ntko/NTKOPfxFile.h; sourceTree = "<group>"; };
		682566CC1E6EB5F700C25A4D /* NTKOPfxFile.m */ = {isa = PBXFileReference; fileEncoding = 4; lastKnownFileType = sourcecode.c.objc; name = NTKOPfxFile.m; path = Classes/ntko/NTKOPfxFile.m; sourceTree = "<group>"; };
		683528261E640017008333F3 /* NTKODsNormalFile.h */ = {isa = PBXFileReference; fileEncoding = 4; lastKnownFileType = sourcecode.c.h; name = NTKODsNormalFile.h; path = Classes/ntko/NTKODsNormalFile.h; sourceTree = "<group>"; };
		683528271E640017008333F3 /* NTKODsNormalFile.m */ = {isa = PBXFileReference; fileEncoding = 4; lastKnownFileType = sourcecode.c.objc; name = NTKODsNormalFile.m; path = Classes/ntko/NTKODsNormalFile.m; sourceTree = "<group>"; };
		683528281E640017008333F3 /* NTKOLoginView.h */ = {isa = PBXFileReference; fileEncoding = 4; lastKnownFileType = sourcecode.c.h; name = NTKOLoginView.h; path = Classes/ntko/NTKOLoginView.h; sourceTree = "<group>"; };
		683528291E640017008333F3 /* NTKOLoginView.m */ = {isa = PBXFileReference; fileEncoding = 4; lastKnownFileType = sourcecode.c.objc; name = NTKOLoginView.m; path = Classes/ntko/NTKOLoginView.m; sourceTree = "<group>"; };
		6835282A1E640017008333F3 /* NTKOViewController.h */ = {isa = PBXFileReference; fileEncoding = 4; lastKnownFileType = sourcecode.c.h; name = NTKOViewController.h; path = Classes/ntko/NTKOViewController.h; sourceTree = "<group>"; };
		6835282B1E640017008333F3 /* NTKOViewController.m */ = {isa = PBXFileReference; fileEncoding = 4; lastKnownFileType = sourcecode.c.objc; name = NTKOViewController.m; path = Classes/ntko/NTKOViewController.m; sourceTree = "<group>"; };
		68460D691E5C32EC00348BDF /* ic_settings.png */ = {isa = PBXFileReference; lastKnownFileType = image.png; name = ic_settings.png; path = resources/ic_settings.png; sourceTree = "<group>"; };
		6854551D1E1E48370083354B /* MuPDF_openssl_sign.app */ = {isa = PBXFileReference; explicitFileType = wrapper.application; includeInIndex = 0; path = MuPDF_openssl_sign.app; sourceTree = BUILT_PRODUCTS_DIR; };
		6854551E1E1E48370083354B /* MuPDF_openssl_sign-Info.plist */ = {isa = PBXFileReference; lastKnownFileType = text.plist.xml; name = "MuPDF_openssl_sign-Info.plist"; path = "/Users/zl03jsj/Documents/mupdf/platform/ios/MuPDF_openssl_sign-Info.plist"; sourceTree = "<absolute>"; };
		6854551F1E1E4B410083354B /* MuFileselectViewController.h */ = {isa = PBXFileReference; fileEncoding = 4; lastKnownFileType = sourcecode.c.h; name = MuFileselectViewController.h; path = Classes/MuFileselectViewController.h; sourceTree = "<group>"; };
		685455201E1E4B410083354B /* MuFileselectViewController.m */ = {isa = PBXFileReference; fileEncoding = 4; lastKnownFileType = sourcecode.c.objc; name = MuFileselectViewController.m; path = Classes/MuFileselectViewController.m; sourceTree = "<group>"; };
		685455211E1E4B410083354B /* MuFileselectViewController.xib */ = {isa = PBXFileReference; fileEncoding = 4; lastKnownFileType = file.xib; name = MuFileselectViewController.xib; path = Classes/MuFileselectViewController.xib; sourceTree = "<group>"; };
		685455221E1E4B410083354B /* MuHanddrawView.h */ = {isa = PBXFileReference; fileEncoding = 4; lastKnownFileType = sourcecode.c.h; name = MuHanddrawView.h; path = Classes/MuHanddrawView.h; sourceTree = "<group>"; };
		685455231E1E4B410083354B /* MuHanddrawView.m */ = {isa = PBXFileReference; fileEncoding = 4; lastKnownFileType = sourcecode.c.objc; name = MuHanddrawView.m; path = Classes/MuHanddrawView.m; sourceTree = "<group>"; };
		685455271E1E4B410083354B /* MuSignView.h */ = {isa = PBXFileReference; fileEncoding = 4; lastKnownFileType = sourcecode.c.h; name = MuSignView.h; path = Classes/MuSignView.h; sourceTree = "<group>"; };
		685455281E1E4B410083354B /* MuSignView.m */ = {isa = PBXFileReference; fileEncoding = 4; lastKnownFileType = sourcecode.c.objc; name = MuSignView.m; path = Classes/MuSignView.m; sourceTree = "<group>"; };
		687BED3F1E5BEB4B00DE551E /* MuPDF_openssl_sign_svr.app */ = {isa = PBXFileReference; explicitFileType = wrapper.application; includeInIndex = 0; path = MuPDF_openssl_sign_svr.app; sourceTree = BUILT_PRODUCTS_DIR; };
		687BED401E5BEB4C00DE551E /* MuPDF_openssl_sign_svr-Info.plist */ = {isa = PBXFileReference; lastKnownFileType = text.plist.xml; name = "MuPDF_openssl_sign_svr-Info.plist"; path = "/Users/zl03jsj/Documents/mupdf/platform/ios/MuPDF_openssl_sign_svr-Info.plist"; sourceTree = "<absolute>"; };
		68A9C3FF1E6564DC002EE436 /* libcurl.a */ = {isa = PBXFileReference; lastKnownFileType = archive.ar; name = libcurl.a; path = "../../build/debug-ios-x86_64/libcurl.a"; sourceTree = "<group>"; };
		68A9C4011E67C1EC002EE436 /* NTKOBaseView.h */ = {isa = PBXFileReference; fileEncoding = 4; lastKnownFileType = sourcecode.c.h; name = NTKOBaseView.h; path = Classes/ntko/NTKOBaseView.h; sourceTree = "<group>"; };
		68A9C4021E67C1EC002EE436 /* NTKOBaseView.m */ = {isa = PBXFileReference; fileEncoding = 4; lastKnownFileType = sourcecode.c.objc; name = NTKOBaseView.m; path = Classes/ntko/NTKOBaseView.m; sourceTree = "<group>"; };
		68A9C4031E67C1EC002EE436 /* NTKOEspFile.h */ = {isa = PBXFileReference; fileEncoding = 4; lastKnownFileType = sourcecode.c.h; name = NTKOEspFile.h; path = Classes/ntko/NTKOEspFile.h; sourceTree = "<group>"; };
		68A9C4041E67C1EC002EE436 /* NTKOEspFile.mm */ = {isa = PBXFileReference; fileEncoding = 4; lastKnownFileType = sourcecode.cpp.objcpp; name = NTKOEspFile.mm; path = Classes/ntko/NTKOEspFile.mm; sourceTree = "<group>"; };
		68A9C4051E67C1EC002EE436 /* NTKOTableDs.h */ = {isa = PBXFileReference; fileEncoding = 4; lastKnownFileType = sourcecode.c.h; name = NTKOTableDs.h; path = Classes/ntko/NTKOTableDs.h; sourceTree = "<group>"; };
		68A9C4061E67C1EC002EE436 /* NTKOViews.xib */ = {isa = PBXFileReference; fileEncoding = 4; lastKnownFileType = file.xib; name = NTKOViews.xib; path = Classes/ntko/NTKOViews.xib; sourceTree = "<group>"; };
		68A9C4101E67DD3B002EE436 /* NTKOPswCheckViewController.h */ = {isa = PBXFileReference; fileEncoding = 4; lastKnownFileType = sourcecode.c.h; name = NTKOPswCheckViewController.h; path = Classes/ntko/NTKOPswCheckViewController.h; sourceTree = "<group>"; };
		68A9C4111E67DD3B002EE436 /* NTKOPswCheckViewController.m */ = {isa = PBXFileReference; fileEncoding = 4; lastKnownFileType = sourcecode.c.objc; name = NTKOPswCheckViewController.m; path = Classes/ntko/NTKOPswCheckViewController.m; sourceTree = "<group>"; };
		68A9C4121E67DD3B002EE436 /* NTKOPswCheckView.xib */ = {isa = PBXFileReference; fileEncoding = 4; lastKnownFileType = file.xib; name = NTKOPswCheckView.xib; path = Classes/ntko/NTKOPswCheckView.xib; sourceTree = "<group>"; };
		68DEB0B61E2C993D003CCD96 /* libcrypto.a */ = {isa = PBXFileReference; lastKnownFileType = archive.ar; name = libcrypto.a; path = ../../thirdparty/openssl/ios/libcrypto.a; sourceTree = "<group>"; };
		68DEB0B71E2C993D003CCD96 /* libssl.a */ = {isa = PBXFileReference; lastKnownFileType = archive.ar; name = libssl.a; path = ../../thirdparty/openssl/ios/libssl.a; sourceTree = "<group>"; };
		7C6152E719DDD6A90095ECAC /* Images.xcassets */ = {isa = PBXFileReference; lastKnownFileType = folder.assetcatalog; name = Images.xcassets; path = MuPDF/Images.xcassets; sourceTree = "<group>"; };
		7C6152E919DDF05B0095ECAC /* Launch Screen.xib */ = {isa = PBXFileReference; fileEncoding = 4; lastKnownFileType = file.xib; name = "Launch Screen.xib"; path = "MuPDF/Launch Screen.xib"; sourceTree = "<group>"; };
		968E1E3D1779A54F0050CEA3 /* MuPDF.app */ = {isa = PBXFileReference; explicitFileType = wrapper.application; includeInIndex = 0; path = MuPDF.app; sourceTree = BUILT_PRODUCTS_DIR; };
		968E1E481779A54F0050CEA3 /* Info.plist */ = {isa = PBXFileReference; lastKnownFileType = text.plist; path = Info.plist; sourceTree = "<group>"; };
		96C8ED001779A88E00A30AF4 /* main.m */ = {isa = PBXFileReference; fileEncoding = 4; lastKnownFileType = sourcecode.c.objc; path = main.m; sourceTree = "<group>"; };
		96C8ED141779A9AE00A30AF4 /* libmupdfthird.a */ = {isa = PBXFileReference; lastKnownFileType = archive.ar; path = libmupdfthird.a; sourceTree = BUILT_PRODUCTS_DIR; };
		96C8ED151779A9AE00A30AF4 /* libmupdf.a */ = {isa = PBXFileReference; lastKnownFileType = archive.ar; path = libmupdf.a; sourceTree = BUILT_PRODUCTS_DIR; };
		96E1CDEC1779A60700FCF717 /* x_alt_blue.png */ = {isa = PBXFileReference; lastKnownFileType = image.png; path = x_alt_blue.png; sourceTree = "<group>"; };
		96E1CDED1779A60700FCF717 /* x_alt_blue@2x.png */ = {isa = PBXFileReference; lastKnownFileType = image.png; path = "x_alt_blue@2x.png"; sourceTree = "<group>"; };
		DA012CA218803D1C00E47712 /* MuUpdater.h */ = {isa = PBXFileReference; lastKnownFileType = sourcecode.c.h; name = MuUpdater.h; path = Classes/MuUpdater.h; sourceTree = "<group>"; };
		DA0354E918FFF48400EE31BA /* MuPrintPageRenderer.h */ = {isa = PBXFileReference; fileEncoding = 4; lastKnownFileType = sourcecode.c.h; name = MuPrintPageRenderer.h; path = Classes/MuPrintPageRenderer.h; sourceTree = "<group>"; };
		DA0354EA18FFF48400EE31BA /* MuPrintPageRenderer.m */ = {isa = PBXFileReference; fileEncoding = 4; lastKnownFileType = sourcecode.c.objc; name = MuPrintPageRenderer.m; path = Classes/MuPrintPageRenderer.m; sourceTree = "<group>"; };
		DA1C689817E85E8E0061F586 /* MuLibraryController.h */ = {isa = PBXFileReference; fileEncoding = 4; lastKnownFileType = sourcecode.c.h; name = MuLibraryController.h; path = Classes/MuLibraryController.h; sourceTree = "<group>"; };
		DA1C689917E85E8E0061F586 /* MuLibraryController.m */ = {isa = PBXFileReference; fileEncoding = 4; lastKnownFileType = sourcecode.c.objc; name = MuLibraryController.m; path = Classes/MuLibraryController.m; sourceTree = "<group>"; };
		DA1C689C17E861020061F586 /* MuOutlineController.h */ = {isa = PBXFileReference; fileEncoding = 4; lastKnownFileType = sourcecode.c.h; name = MuOutlineController.h; path = Classes/MuOutlineController.h; sourceTree = "<group>"; };
		DA1C689D17E861020061F586 /* MuOutlineController.m */ = {isa = PBXFileReference; fileEncoding = 4; lastKnownFileType = sourcecode.c.objc; name = MuOutlineController.m; path = Classes/MuOutlineController.m; sourceTree = "<group>"; };
		DA1C689E17E861870061F586 /* MuHitView.h */ = {isa = PBXFileReference; fileEncoding = 4; lastKnownFileType = sourcecode.c.h; name = MuHitView.h; path = Classes/MuHitView.h; sourceTree = "<group>"; };
		DA1C689F17E861870061F586 /* MuHitView.m */ = {isa = PBXFileReference; fileEncoding = 4; lastKnownFileType = sourcecode.c.objc; name = MuHitView.m; path = Classes/MuHitView.m; sourceTree = "<group>"; };
		DA1C68A417E863C70061F586 /* MuPageViewNormal.h */ = {isa = PBXFileReference; fileEncoding = 4; lastKnownFileType = sourcecode.c.h; name = MuPageViewNormal.h; path = Classes/MuPageViewNormal.h; sourceTree = "<group>"; };
		DA1C68A517E863C70061F586 /* MuPageViewNormal.m */ = {isa = PBXFileReference; fileEncoding = 4; lastKnownFileType = sourcecode.c.objc; name = MuPageViewNormal.m; path = Classes/MuPageViewNormal.m; sourceTree = "<group>"; };
		DA1C68A617E864180061F586 /* MuDocumentController.h */ = {isa = PBXFileReference; fileEncoding = 4; lastKnownFileType = sourcecode.c.h; name = MuDocumentController.h; path = Classes/MuDocumentController.h; sourceTree = "<group>"; };
		DA1C68A717E864180061F586 /* MuDocumentController.m */ = {isa = PBXFileReference; fileEncoding = 4; lastKnownFileType = sourcecode.c.objc; name = MuDocumentController.m; path = Classes/MuDocumentController.m; sourceTree = "<group>"; };
		DA1C68A817E864CB0061F586 /* MuAppDelegate.h */ = {isa = PBXFileReference; fileEncoding = 4; lastKnownFileType = sourcecode.c.h; name = MuAppDelegate.h; path = Classes/MuAppDelegate.h; sourceTree = "<group>"; };
		DA1C68A917E864CB0061F586 /* MuAppDelegate.m */ = {isa = PBXFileReference; fileEncoding = 4; lastKnownFileType = sourcecode.c.objc; name = MuAppDelegate.m; path = Classes/MuAppDelegate.m; sourceTree = "<group>"; };
		DA1C68C217E8968C0061F586 /* common.h */ = {isa = PBXFileReference; lastKnownFileType = sourcecode.c.h; path = common.h; sourceTree = "<group>"; };
		DA1C68C317E8969C0061F586 /* common.m */ = {isa = PBXFileReference; fileEncoding = 4; lastKnownFileType = sourcecode.c.objc; path = common.m; sourceTree = "<group>"; };
		DA32FC7218E33CC7001D7902 /* ic_print.png */ = {isa = PBXFileReference; lastKnownFileType = image.png; name = ic_print.png; path = resources/ic_print.png; sourceTree = "<group>"; };
		DA442E2C183B796F008EF49B /* ic_pen.png */ = {isa = PBXFileReference; lastKnownFileType = image.png; name = ic_pen.png; path = resources/ic_pen.png; sourceTree = "<group>"; };
		DA442E2E183B9F13008EF49B /* MuInkView.h */ = {isa = PBXFileReference; fileEncoding = 4; lastKnownFileType = sourcecode.c.h; name = MuInkView.h; path = Classes/MuInkView.h; sourceTree = "<group>"; };
		DA442E2F183B9F13008EF49B /* MuInkView.m */ = {isa = PBXFileReference; fileEncoding = 4; lastKnownFileType = sourcecode.c.objc; name = MuInkView.m; path = Classes/MuInkView.m; sourceTree = "<group>"; };
		DA4C061F187B1EA200755D0D /* MuTextFieldController.h */ = {isa = PBXFileReference; fileEncoding = 4; lastKnownFileType = sourcecode.c.h; name = MuTextFieldController.h; path = Classes/MuTextFieldController.h; sourceTree = "<group>"; };
		DA4C0620187B1EA200755D0D /* MuTextFieldController.m */ = {isa = PBXFileReference; fileEncoding = 4; lastKnownFileType = sourcecode.c.objc; name = MuTextFieldController.m; path = Classes/MuTextFieldController.m; sourceTree = "<group>"; };
		DA4C0621187B1EA200755D0D /* MuTextFieldController.xib */ = {isa = PBXFileReference; fileEncoding = 4; lastKnownFileType = file.xib; name = MuTextFieldController.xib; path = Classes/MuTextFieldController.xib; sourceTree = "<group>"; };
		DA7AAA3A18E45FA300A577E3 /* ic_annotation.png */ = {isa = PBXFileReference; lastKnownFileType = image.png; name = ic_annotation.png; path = resources/ic_annotation.png; sourceTree = "<group>"; };
		DAA6E56D17F03AAE002B1E4E /* MuPageViewReflow.h */ = {isa = PBXFileReference; fileEncoding = 4; lastKnownFileType = sourcecode.c.h; name = MuPageViewReflow.h; path = Classes/MuPageViewReflow.h; sourceTree = "<group>"; };
		DAA6E56E17F03AAE002B1E4E /* MuPageViewReflow.m */ = {isa = PBXFileReference; fileEncoding = 4; lastKnownFileType = sourcecode.c.objc; name = MuPageViewReflow.m; path = Classes/MuPageViewReflow.m; sourceTree = "<group>"; };
		DAAC6A2C17FC6E4A00A0E83A /* MuTapResult.h */ = {isa = PBXFileReference; fileEncoding = 4; lastKnownFileType = sourcecode.c.h; name = MuTapResult.h; path = Classes/MuTapResult.h; sourceTree = "<group>"; };
		DAAC6A2D17FC6E4A00A0E83A /* MuTapResult.m */ = {isa = PBXFileReference; fileEncoding = 4; lastKnownFileType = sourcecode.c.objc; name = MuTapResult.m; path = Classes/MuTapResult.m; sourceTree = "<group>"; };
		DAB067A41831225D00DDA774 /* MuWord.h */ = {isa = PBXFileReference; fileEncoding = 4; lastKnownFileType = sourcecode.c.h; name = MuWord.h; path = Classes/MuWord.h; sourceTree = "<group>"; };
		DAB067A51831225D00DDA774 /* MuWord.m */ = {isa = PBXFileReference; fileEncoding = 4; lastKnownFileType = sourcecode.c.objc; name = MuWord.m; path = Classes/MuWord.m; sourceTree = "<group>"; };
		DAB20D4718045AC40030623F /* MuDialogCreator.h */ = {isa = PBXFileReference; fileEncoding = 4; lastKnownFileType = sourcecode.c.h; name = MuDialogCreator.h; path = Classes/MuDialogCreator.h; sourceTree = "<group>"; };
		DAB9F4B517F1B24000117D2E /* ic_arrow_left.png */ = {isa = PBXFileReference; lastKnownFileType = image.png; name = ic_arrow_left.png; path = resources/ic_arrow_left.png; sourceTree = "<group>"; };
		DAB9F4B617F1B24000117D2E /* ic_arrow_right.png */ = {isa = PBXFileReference; lastKnownFileType = image.png; name = ic_arrow_right.png; path = resources/ic_arrow_right.png; sourceTree = "<group>"; };
		DAB9F4B717F1B24000117D2E /* ic_cancel.png */ = {isa = PBXFileReference; lastKnownFileType = image.png; name = ic_cancel.png; path = resources/ic_cancel.png; sourceTree = "<group>"; };
		DAB9F4B817F1B24000117D2E /* ic_link.png */ = {isa = PBXFileReference; lastKnownFileType = image.png; name = ic_link.png; path = resources/ic_link.png; sourceTree = "<group>"; };
		DAB9F4B917F1B24000117D2E /* ic_list.png */ = {isa = PBXFileReference; lastKnownFileType = image.png; name = ic_list.png; path = resources/ic_list.png; sourceTree = "<group>"; };
		DAB9F4BA17F1B24000117D2E /* ic_magnifying_glass.png */ = {isa = PBXFileReference; lastKnownFileType = image.png; name = ic_magnifying_glass.png; path = resources/ic_magnifying_glass.png; sourceTree = "<group>"; };
		DAB9F4C117F1CB6D00117D2E /* ic_reflow.png */ = {isa = PBXFileReference; lastKnownFileType = image.png; name = ic_reflow.png; path = resources/ic_reflow.png; sourceTree = "<group>"; };
		DABDEF5817EC484A00AC35F1 /* MuDocRef.h */ = {isa = PBXFileReference; fileEncoding = 4; lastKnownFileType = sourcecode.c.h; name = MuDocRef.h; path = Classes/MuDocRef.h; sourceTree = "<group>"; };
		DABDEF5917EC484A00AC35F1 /* MuDocRef.m */ = {isa = PBXFileReference; fileEncoding = 4; lastKnownFileType = sourcecode.c.objc; name = MuDocRef.m; path = Classes/MuDocRef.m; sourceTree = "<group>"; };
		DACD12261833CDA600D4B9C5 /* ic_check.png */ = {isa = PBXFileReference; lastKnownFileType = image.png; name = ic_check.png; path = resources/ic_check.png; sourceTree = "<group>"; };
		DAD10487183D0A2900960F4C /* MuAnnotation.h */ = {isa = PBXFileReference; fileEncoding = 4; lastKnownFileType = sourcecode.c.h; name = MuAnnotation.h; path = Classes/MuAnnotation.h; sourceTree = "<group>"; };
		DAD10488183D0A2900960F4C /* MuAnnotation.m */ = {isa = PBXFileReference; fileEncoding = 4; lastKnownFileType = sourcecode.c.objc; name = MuAnnotation.m; path = Classes/MuAnnotation.m; sourceTree = "<group>"; };
		DAD2BA801835064E00E7C49D /* MuTextSelectView.h */ = {isa = PBXFileReference; fileEncoding = 4; lastKnownFileType = sourcecode.c.h; name = MuTextSelectView.h; path = Classes/MuTextSelectView.h; sourceTree = "<group>"; };
		DAD2BA811835064E00E7C49D /* MuTextSelectView.m */ = {isa = PBXFileReference; fileEncoding = 4; lastKnownFileType = sourcecode.c.objc; name = MuTextSelectView.m; path = Classes/MuTextSelectView.m; sourceTree = "<group>"; };
		DAD47D291832475C00E173A0 /* ic_more.png */ = {isa = PBXFileReference; lastKnownFileType = image.png; name = ic_more.png; path = resources/ic_more.png; sourceTree = "<group>"; };
		DAD47D2B1832615900E173A0 /* ic_highlight.png */ = {isa = PBXFileReference; lastKnownFileType = image.png; name = ic_highlight.png; path = resources/ic_highlight.png; sourceTree = "<group>"; };
		DAD47D2C1832615900E173A0 /* ic_strike.png */ = {isa = PBXFileReference; lastKnownFileType = image.png; name = ic_strike.png; path = resources/ic_strike.png; sourceTree = "<group>"; };
		DAD47D2D1832615900E173A0 /* ic_underline.png */ = {isa = PBXFileReference; lastKnownFileType = image.png; name = ic_underline.png; path = resources/ic_underline.png; sourceTree = "<group>"; };
		DAD72800183E53F0005C14FA /* MuAnnotSelectView.h */ = {isa = PBXFileReference; fileEncoding = 4; lastKnownFileType = sourcecode.c.h; name = MuAnnotSelectView.h; path = Classes/MuAnnotSelectView.h; sourceTree = "<group>"; };
		DAD72801183E53F0005C14FA /* MuAnnotSelectView.m */ = {isa = PBXFileReference; fileEncoding = 4; lastKnownFileType = sourcecode.c.objc; name = MuAnnotSelectView.m; path = Classes/MuAnnotSelectView.m; sourceTree = "<group>"; };
		DAD72803183E6F33005C14FA /* ic_trash.png */ = {isa = PBXFileReference; lastKnownFileType = image.png; name = ic_trash.png; path = resources/ic_trash.png; sourceTree = "<group>"; };
		DADD8D6917EB24C000C49E0B /* MuPageView.h */ = {isa = PBXFileReference; fileEncoding = 4; lastKnownFileType = sourcecode.c.h; name = MuPageView.h; path = Classes/MuPageView.h; sourceTree = "<group>"; };
		DADF824C1905241900855662 /* ic_share.png */ = {isa = PBXFileReference; lastKnownFileType = image.png; name = ic_share.png; path = resources/ic_share.png; sourceTree = "<group>"; };
		DAFF9978187C12430081C756 /* MuChoiceFieldController.h */ = {isa = PBXFileReference; fileEncoding = 4; lastKnownFileType = sourcecode.c.h; name = MuChoiceFieldController.h; path = Classes/MuChoiceFieldController.h; sourceTree = "<group>"; };
		DAFF9979187C12430081C756 /* MuChoiceFieldController.m */ = {isa = PBXFileReference; fileEncoding = 4; lastKnownFileType = sourcecode.c.objc; name = MuChoiceFieldController.m; path = Classes/MuChoiceFieldController.m; sourceTree = "<group>"; };
		DAFF997A187C12430081C756 /* MuChoiceFieldController.xib */ = {isa = PBXFileReference; fileEncoding = 4; lastKnownFileType = file.xib; name = MuChoiceFieldController.xib; path = Classes/MuChoiceFieldController.xib; sourceTree = "<group>"; };
		E845CC6D1C20C09B00474C19 /* Default-568h@2x.png */ = {isa = PBXFileReference; lastKnownFileType = image.png; name = "Default-568h@2x.png"; path = "MuPDF/Images.xcassets/LaunchImage.launchimage/Default-568h@2x.png"; sourceTree = "<group>"; };
/* End PBXFileReference section */

/* Begin PBXFrameworksBuildPhase section */
		685454FD1E1E48370083354B /* Frameworks */ = {
			isa = PBXFrameworksBuildPhase;
			buildActionMask = 2147483647;
			files = (
				68DEB0B81E2C993D003CCD96 /* libcrypto.a in Frameworks */,
				68DEB0B91E2C993D003CCD96 /* libssl.a in Frameworks */,
				685454FE1E1E48370083354B /* libmupdf.a in Frameworks */,
				685454FF1E1E48370083354B /* libmupdfthird.a in Frameworks */,
			);
			runOnlyForDeploymentPostprocessing = 0;
		};
		687BED171E5BEB4B00DE551E /* Frameworks */ = {
			isa = PBXFrameworksBuildPhase;
			buildActionMask = 2147483647;
			files = (
				68A9C4001E6564DC002EE436 /* libcurl.a in Frameworks */,
				687BED181E5BEB4B00DE551E /* libcrypto.a in Frameworks */,
				687BED191E5BEB4B00DE551E /* libssl.a in Frameworks */,
				687BED1A1E5BEB4B00DE551E /* libmupdf.a in Frameworks */,
				687BED1B1E5BEB4B00DE551E /* libmupdfthird.a in Frameworks */,
			);
			runOnlyForDeploymentPostprocessing = 0;
		};
		968E1E3A1779A54F0050CEA3 /* Frameworks */ = {
			isa = PBXFrameworksBuildPhase;
			buildActionMask = 2147483647;
			files = (
				96C8ED1C1779A9AF00A30AF4 /* libmupdf.a in Frameworks */,
				96C8ED1B1779A9AF00A30AF4 /* libmupdfthird.a in Frameworks */,
			);
			runOnlyForDeploymentPostprocessing = 0;
		};
/* End PBXFrameworksBuildPhase section */

/* Begin PBXGroup section */
		683528251E63FF92008333F3 /* ntko */ = {
			isa = PBXGroup;
			children = (
				68A9C4101E67DD3B002EE436 /* NTKOPswCheckViewController.h */,
				68A9C4111E67DD3B002EE436 /* NTKOPswCheckViewController.m */,
				68A9C4121E67DD3B002EE436 /* NTKOPswCheckView.xib */,
				68A9C4011E67C1EC002EE436 /* NTKOBaseView.h */,
				68A9C4021E67C1EC002EE436 /* NTKOBaseView.m */,
				68A9C4031E67C1EC002EE436 /* NTKOEspFile.h */,
				68A9C4041E67C1EC002EE436 /* NTKOEspFile.mm */,
				68A9C4051E67C1EC002EE436 /* NTKOTableDs.h */,
				68A9C4061E67C1EC002EE436 /* NTKOViews.xib */,
				683528261E640017008333F3 /* NTKODsNormalFile.h */,
				683528271E640017008333F3 /* NTKODsNormalFile.m */,
				683528281E640017008333F3 /* NTKOLoginView.h */,
				683528291E640017008333F3 /* NTKOLoginView.m */,
				6835282A1E640017008333F3 /* NTKOViewController.h */,
				6835282B1E640017008333F3 /* NTKOViewController.m */,
				682566CB1E6EB5F700C25A4D /* NTKOPfxFile.h */,
				682566CC1E6EB5F700C25A4D /* NTKOPfxFile.m */,
			);
			name = ntko;
			sourceTree = "<group>";
		};
		968E1E341779A54F0050CEA3 = {
			isa = PBXGroup;
			children = (
				E845CC6D1C20C09B00474C19 /* Default-568h@2x.png */,
				DA1C68C317E8969C0061F586 /* common.m */,
				DA1C68C217E8968C0061F586 /* common.h */,
				96C8ED001779A88E00A30AF4 /* main.m */,
				DA1C689717E85E4A0061F586 /* Classes */,
				968E1E461779A54F0050CEA3 /* Resources */,
				968E1E3F1779A54F0050CEA3 /* Frameworks */,
				968E1E3E1779A54F0050CEA3 /* Products */,
				6854551E1E1E48370083354B /* MuPDF_openssl_sign-Info.plist */,
				687BED401E5BEB4C00DE551E /* MuPDF_openssl_sign_svr-Info.plist */,
			);
			sourceTree = "<group>";
			usesTabs = 1;
		};
		968E1E3E1779A54F0050CEA3 /* Products */ = {
			isa = PBXGroup;
			children = (
				968E1E3D1779A54F0050CEA3 /* MuPDF.app */,
				96C8ED151779A9AE00A30AF4 /* libmupdf.a */,
				96C8ED141779A9AE00A30AF4 /* libmupdfthird.a */,
				6854551D1E1E48370083354B /* MuPDF_openssl_sign.app */,
				687BED3F1E5BEB4B00DE551E /* MuPDF_openssl_sign_svr.app */,
			);
			name = Products;
			sourceTree = "<group>";
		};
		968E1E3F1779A54F0050CEA3 /* Frameworks */ = {
			isa = PBXGroup;
			children = (
				68A9C3FF1E6564DC002EE436 /* libcurl.a */,
				68DEB0B61E2C993D003CCD96 /* libcrypto.a */,
				68DEB0B71E2C993D003CCD96 /* libssl.a */,
			);
			name = Frameworks;
			sourceTree = "<group>";
		};
		968E1E461779A54F0050CEA3 /* Resources */ = {
			isa = PBXGroup;
			children = (
				68460D691E5C32EC00348BDF /* ic_settings.png */,
				6818B5711E2C9CBB006BFE7D /* ic_next.png */,
				6818B5721E2C9CBB006BFE7D /* ic_signature.png */,
				6818B5731E2C9CBB006BFE7D /* ic_stamp.png */,
				6818B5741E2C9CBB006BFE7D /* ic_stamp.png.bak.png */,
				7C6152E719DDD6A90095ECAC /* Images.xcassets */,
				7C6152E919DDF05B0095ECAC /* Launch Screen.xib */,
				DADF824C1905241900855662 /* ic_share.png */,
				DA7AAA3A18E45FA300A577E3 /* ic_annotation.png */,
				DA32FC7218E33CC7001D7902 /* ic_print.png */,
				DAD72803183E6F33005C14FA /* ic_trash.png */,
				DACD12261833CDA600D4B9C5 /* ic_check.png */,
				DAD47D2B1832615900E173A0 /* ic_highlight.png */,
				DAD47D2C1832615900E173A0 /* ic_strike.png */,
				DAD47D2D1832615900E173A0 /* ic_underline.png */,
				DA442E2C183B796F008EF49B /* ic_pen.png */,
				DAD47D291832475C00E173A0 /* ic_more.png */,
				DAB9F4C117F1CB6D00117D2E /* ic_reflow.png */,
				DAB9F4B517F1B24000117D2E /* ic_arrow_left.png */,
				DAB9F4B617F1B24000117D2E /* ic_arrow_right.png */,
				DAB9F4B717F1B24000117D2E /* ic_cancel.png */,
				DAB9F4B817F1B24000117D2E /* ic_link.png */,
				DAB9F4B917F1B24000117D2E /* ic_list.png */,
				DAB9F4BA17F1B24000117D2E /* ic_magnifying_glass.png */,
				96E1CDEC1779A60700FCF717 /* x_alt_blue.png */,
				96E1CDED1779A60700FCF717 /* x_alt_blue@2x.png */,
				968E1E481779A54F0050CEA3 /* Info.plist */,
			);
			name = Resources;
			sourceTree = SOURCE_ROOT;
		};
		DA1C689717E85E4A0061F586 /* Classes */ = {
			isa = PBXGroup;
			children = (
				683528251E63FF92008333F3 /* ntko */,
				6854551F1E1E4B410083354B /* MuFileselectViewController.h */,
				685455201E1E4B410083354B /* MuFileselectViewController.m */,
				685455211E1E4B410083354B /* MuFileselectViewController.xib */,
				685455221E1E4B410083354B /* MuHanddrawView.h */,
				685455231E1E4B410083354B /* MuHanddrawView.m */,
				685455271E1E4B410083354B /* MuSignView.h */,
				685455281E1E4B410083354B /* MuSignView.m */,
				DA1C689817E85E8E0061F586 /* MuLibraryController.h */,
				DA1C689917E85E8E0061F586 /* MuLibraryController.m */,
				DA1C689C17E861020061F586 /* MuOutlineController.h */,
				DA1C689D17E861020061F586 /* MuOutlineController.m */,
				DA1C689E17E861870061F586 /* MuHitView.h */,
				DA1C689F17E861870061F586 /* MuHitView.m */,
				DAD2BA801835064E00E7C49D /* MuTextSelectView.h */,
				DAD2BA811835064E00E7C49D /* MuTextSelectView.m */,
				DA442E2E183B9F13008EF49B /* MuInkView.h */,
				DA442E2F183B9F13008EF49B /* MuInkView.m */,
				DAD72800183E53F0005C14FA /* MuAnnotSelectView.h */,
				DAD72801183E53F0005C14FA /* MuAnnotSelectView.m */,
				DAB067A41831225D00DDA774 /* MuWord.h */,
				DAB067A51831225D00DDA774 /* MuWord.m */,
				DAD10487183D0A2900960F4C /* MuAnnotation.h */,
				DAD10488183D0A2900960F4C /* MuAnnotation.m */,
				DA1C68A417E863C70061F586 /* MuPageViewNormal.h */,
				DA1C68A517E863C70061F586 /* MuPageViewNormal.m */,
				DA1C68A617E864180061F586 /* MuDocumentController.h */,
				DA1C68A717E864180061F586 /* MuDocumentController.m */,
				DA1C68A817E864CB0061F586 /* MuAppDelegate.h */,
				DA1C68A917E864CB0061F586 /* MuAppDelegate.m */,
				DADD8D6917EB24C000C49E0B /* MuPageView.h */,
				DABDEF5817EC484A00AC35F1 /* MuDocRef.h */,
				DABDEF5917EC484A00AC35F1 /* MuDocRef.m */,
				DAA6E56D17F03AAE002B1E4E /* MuPageViewReflow.h */,
				DAA6E56E17F03AAE002B1E4E /* MuPageViewReflow.m */,
				DAAC6A2C17FC6E4A00A0E83A /* MuTapResult.h */,
				DAAC6A2D17FC6E4A00A0E83A /* MuTapResult.m */,
				DAB20D4718045AC40030623F /* MuDialogCreator.h */,
				DA4C061F187B1EA200755D0D /* MuTextFieldController.h */,
				DA4C0620187B1EA200755D0D /* MuTextFieldController.m */,
				DA4C0621187B1EA200755D0D /* MuTextFieldController.xib */,
				DAFF9978187C12430081C756 /* MuChoiceFieldController.h */,
				DAFF9979187C12430081C756 /* MuChoiceFieldController.m */,
				DAFF997A187C12430081C756 /* MuChoiceFieldController.xib */,
				DA012CA218803D1C00E47712 /* MuUpdater.h */,
				DA0354E918FFF48400EE31BA /* MuPrintPageRenderer.h */,
				DA0354EA18FFF48400EE31BA /* MuPrintPageRenderer.m */,
			);
			name = Classes;
			sourceTree = "<group>";
		};
/* End PBXGroup section */

/* Begin PBXLegacyTarget section */
		963AD8CB17D5FFD9000B0779 /* Generate */ = {
			isa = PBXLegacyTarget;
			buildArgumentsString = generate;
			buildConfigurationList = 963AD8CE17D5FFD9000B0779 /* Build configuration list for PBXLegacyTarget "Generate" */;
			buildPhases = (
			);
			buildToolPath = /usr/bin/make;
			buildWorkingDirectory = ../..;
			dependencies = (
			);
			name = Generate;
			passBuildSettingsInEnvironment = 0;
			productName = Generate;
		};
/* End PBXLegacyTarget section */

/* Begin PBXNativeTarget section */
		685454E51E1E48370083354B /* MuPDF_openssl_sign */ = {
			isa = PBXNativeTarget;
			buildConfigurationList = 6854551A1E1E48370083354B /* Build configuration list for PBXNativeTarget "MuPDF_openssl_sign" */;
			buildPhases = (
				685454E81E1E48370083354B /* ShellScript */,
				685454E91E1E48370083354B /* Sources */,
				685454FD1E1E48370083354B /* Frameworks */,
				685455001E1E48370083354B /* Resources */,
				685455191E1E48370083354B /* ShellScript */,
			);
			buildRules = (
			);
			dependencies = (
				685454E61E1E48370083354B /* PBXTargetDependency */,
			);
			name = MuPDF_openssl_sign;
			productName = MuPDF;
			productReference = 6854551D1E1E48370083354B /* MuPDF_openssl_sign.app */;
			productType = "com.apple.product-type.application";
		};
		687BECFB1E5BEB4B00DE551E /* MuPDF_openssl_sign_svr */ = {
			isa = PBXNativeTarget;
			buildConfigurationList = 687BED3C1E5BEB4B00DE551E /* Build configuration list for PBXNativeTarget "MuPDF_openssl_sign_svr" */;
			buildPhases = (
				687BECFE1E5BEB4B00DE551E /* ShellScript */,
				687BECFF1E5BEB4B00DE551E /* Sources */,
				687BED171E5BEB4B00DE551E /* Frameworks */,
				687BED1C1E5BEB4B00DE551E /* Resources */,
				687BED3B1E5BEB4B00DE551E /* ShellScript */,
			);
			buildRules = (
			);
			dependencies = (
				687BECFC1E5BEB4B00DE551E /* PBXTargetDependency */,
			);
			name = MuPDF_openssl_sign_svr;
			productName = MuPDF;
			productReference = 687BED3F1E5BEB4B00DE551E /* MuPDF_openssl_sign_svr.app */;
			productType = "com.apple.product-type.application";
		};
		968E1E3C1779A54F0050CEA3 /* MuPDF */ = {
			isa = PBXNativeTarget;
			buildConfigurationList = 968E1E5A1779A54F0050CEA3 /* Build configuration list for PBXNativeTarget "MuPDF" */;
			buildPhases = (
				9614D56A1779A81D00F1879E /* ShellScript */,
				968E1E391779A54F0050CEA3 /* Sources */,
				968E1E3A1779A54F0050CEA3 /* Frameworks */,
				968E1E3B1779A54F0050CEA3 /* Resources */,
				C9E0CC68196EE93F006EB94D /* ShellScript */,
			);
			buildRules = (
			);
			dependencies = (
				963AD8D017D60084000B0779 /* PBXTargetDependency */,
			);
			name = MuPDF;
			productName = MuPDF;
			productReference = 968E1E3D1779A54F0050CEA3 /* MuPDF.app */;
			productType = "com.apple.product-type.application";
		};
/* End PBXNativeTarget section */

/* Begin PBXProject section */
		968E1E351779A54F0050CEA3 /* Project object */ = {
			isa = PBXProject;
			attributes = {
				CLASSPREFIX = Mu;
				KnownAssetTags = (
					signsvrsettings,
				);
				LastUpgradeCheck = 0810;
				ORGANIZATIONNAME = "Artifex Software, Inc";
				TargetAttributes = {
					685454E51E1E48370083354B = {
						DevelopmentTeam = C4W745U45Q;
					};
					687BECFB1E5BEB4B00DE551E = {
						DevelopmentTeam = C4W745U45Q;
					};
					968E1E3C1779A54F0050CEA3 = {
						DevelopmentTeam = C4W745U45Q;
					};
				};
			};
			buildConfigurationList = 968E1E381779A54F0050CEA3 /* Build configuration list for PBXProject "MuPDF" */;
			compatibilityVersion = "Xcode 3.2";
			developmentRegion = English;
			hasScannedForEncodings = 0;
			knownRegions = (
				en,
			);
			mainGroup = 968E1E341779A54F0050CEA3;
			productRefGroup = 968E1E3E1779A54F0050CEA3 /* Products */;
			projectDirPath = "";
			projectRoot = "";
			targets = (
				963AD8CB17D5FFD9000B0779 /* Generate */,
				968E1E3C1779A54F0050CEA3 /* MuPDF */,
				685454E51E1E48370083354B /* MuPDF_openssl_sign */,
				687BECFB1E5BEB4B00DE551E /* MuPDF_openssl_sign_svr */,
			);
		};
/* End PBXProject section */

/* Begin PBXResourcesBuildPhase section */
		685455001E1E48370083354B /* Resources */ = {
			isa = PBXResourcesBuildPhase;
			buildActionMask = 2147483647;
			files = (
				6818B5751E2C9CC3006BFE7D /* ic_next.png in Resources */,
				6818B5761E2C9CC3006BFE7D /* ic_signature.png in Resources */,
				6818B5771E2C9CC3006BFE7D /* ic_stamp.png in Resources */,
				6818B5791E2C9EC9006BFE7D /* MuFileselectViewController.xib in Resources */,
				68A9C4141E67DD4A002EE436 /* NTKOPswCheckView.xib in Resources */,
				6818B5781E2C9CC3006BFE7D /* ic_stamp.png.bak.png in Resources */,
				685455011E1E48370083354B /* Default-568h@2x.png in Resources */,
				685455021E1E48370083354B /* ic_annotation.png in Resources */,
				685455031E1E48370083354B /* ic_print.png in Resources */,
				68A9C40C1E67CCB2002EE436 /* NTKOViews.xib in Resources */,
				685455041E1E48370083354B /* MuTextFieldController.xib in Resources */,
				685455051E1E48370083354B /* MuChoiceFieldController.xib in Resources */,
				685455061E1E48370083354B /* x_alt_blue.png in Resources */,
				685455071E1E48370083354B /* Images.xcassets in Resources */,
				685455081E1E48370083354B /* x_alt_blue@2x.png in Resources */,
				685455091E1E48370083354B /* ic_arrow_left.png in Resources */,
				6854550A1E1E48370083354B /* ic_arrow_right.png in Resources */,
				6854550B1E1E48370083354B /* ic_cancel.png in Resources */,
				6854550C1E1E48370083354B /* ic_link.png in Resources */,
				6854550D1E1E48370083354B /* ic_list.png in Resources */,
				6854550E1E1E48370083354B /* ic_magnifying_glass.png in Resources */,
				6854550F1E1E48370083354B /* Launch Screen.xib in Resources */,
				685455101E1E48370083354B /* ic_reflow.png in Resources */,
				68460D6B1E5C330600348BDF /* ic_settings.png in Resources */,
				685455111E1E48370083354B /* ic_more.png in Resources */,
				685455121E1E48370083354B /* ic_highlight.png in Resources */,
				685455131E1E48370083354B /* ic_strike.png in Resources */,
				685455141E1E48370083354B /* ic_underline.png in Resources */,
				685455151E1E48370083354B /* ic_check.png in Resources */,
				685455161E1E48370083354B /* ic_pen.png in Resources */,
				685455171E1E48370083354B /* ic_trash.png in Resources */,
				685455181E1E48370083354B /* ic_share.png in Resources */,
			);
			runOnlyForDeploymentPostprocessing = 0;
		};
		687BED1C1E5BEB4B00DE551E /* Resources */ = {
			isa = PBXResourcesBuildPhase;
			buildActionMask = 2147483647;
			files = (
				687BED1D1E5BEB4B00DE551E /* ic_next.png in Resources */,
				687BED1E1E5BEB4B00DE551E /* ic_signature.png in Resources */,
				687BED1F1E5BEB4B00DE551E /* ic_stamp.png in Resources */,
				687BED201E5BEB4B00DE551E /* MuFileselectViewController.xib in Resources */,
				68A9C4131E67DD4A002EE436 /* NTKOPswCheckView.xib in Resources */,
				687BED211E5BEB4B00DE551E /* ic_stamp.png.bak.png in Resources */,
				687BED221E5BEB4B00DE551E /* Default-568h@2x.png in Resources */,
				687BED231E5BEB4B00DE551E /* ic_annotation.png in Resources */,
				687BED241E5BEB4B00DE551E /* ic_print.png in Resources */,
				68A9C40B1E67CCB2002EE436 /* NTKOViews.xib in Resources */,
				687BED251E5BEB4B00DE551E /* MuTextFieldController.xib in Resources */,
				687BED261E5BEB4B00DE551E /* MuChoiceFieldController.xib in Resources */,
				687BED271E5BEB4B00DE551E /* x_alt_blue.png in Resources */,
				687BED281E5BEB4B00DE551E /* Images.xcassets in Resources */,
				687BED291E5BEB4B00DE551E /* x_alt_blue@2x.png in Resources */,
				687BED2A1E5BEB4B00DE551E /* ic_arrow_left.png in Resources */,
				687BED2B1E5BEB4B00DE551E /* ic_arrow_right.png in Resources */,
				687BED2C1E5BEB4B00DE551E /* ic_cancel.png in Resources */,
				687BED2D1E5BEB4B00DE551E /* ic_link.png in Resources */,
				687BED2E1E5BEB4B00DE551E /* ic_list.png in Resources */,
				687BED2F1E5BEB4B00DE551E /* ic_magnifying_glass.png in Resources */,
				687BED301E5BEB4B00DE551E /* Launch Screen.xib in Resources */,
				687BED311E5BEB4B00DE551E /* ic_reflow.png in Resources */,
				68460D6C1E5C330600348BDF /* ic_settings.png in Resources */,
				687BED321E5BEB4B00DE551E /* ic_more.png in Resources */,
				687BED331E5BEB4B00DE551E /* ic_highlight.png in Resources */,
				687BED341E5BEB4B00DE551E /* ic_strike.png in Resources */,
				687BED351E5BEB4B00DE551E /* ic_underline.png in Resources */,
				687BED361E5BEB4B00DE551E /* ic_check.png in Resources */,
				687BED381E5BEB4B00DE551E /* ic_pen.png in Resources */,
				687BED391E5BEB4B00DE551E /* ic_trash.png in Resources */,
				687BED3A1E5BEB4B00DE551E /* ic_share.png in Resources */,
			);
			runOnlyForDeploymentPostprocessing = 0;
		};
		968E1E3B1779A54F0050CEA3 /* Resources */ = {
			isa = PBXResourcesBuildPhase;
			buildActionMask = 2147483647;
			files = (
				E845CC6E1C20C09B00474C19 /* Default-568h@2x.png in Resources */,
				DA7AAA3B18E4683600A577E3 /* ic_annotation.png in Resources */,
				DA7AAA3C18E4683600A577E3 /* ic_print.png in Resources */,
				DA4C0623187B1EA200755D0D /* MuTextFieldController.xib in Resources */,
				DAFF997C187C12430081C756 /* MuChoiceFieldController.xib in Resources */,
				96E1CDF31779A60700FCF717 /* x_alt_blue.png in Resources */,
				7C6152E819DDD6A90095ECAC /* Images.xcassets in Resources */,
				96E1CDF41779A60700FCF717 /* x_alt_blue@2x.png in Resources */,
				DAB9F4BB17F1B24000117D2E /* ic_arrow_left.png in Resources */,
				DAB9F4BC17F1B24000117D2E /* ic_arrow_right.png in Resources */,
				DAB9F4BD17F1B24000117D2E /* ic_cancel.png in Resources */,
				DAB9F4BE17F1B24000117D2E /* ic_link.png in Resources */,
				DAB9F4BF17F1B24000117D2E /* ic_list.png in Resources */,
				DAB9F4C017F1B24000117D2E /* ic_magnifying_glass.png in Resources */,
				7C6152EA19DDF05B0095ECAC /* Launch Screen.xib in Resources */,
				68460D6A1E5C330500348BDF /* ic_settings.png in Resources */,
				DAB9F4C217F1CB6D00117D2E /* ic_reflow.png in Resources */,
				DAD47D2A1832475C00E173A0 /* ic_more.png in Resources */,
				DAD47D2E1832615900E173A0 /* ic_highlight.png in Resources */,
				68A9C40F1E67CCB8002EE436 /* NTKOViews.xib in Resources */,
				68A9C4151E67DD4A002EE436 /* NTKOPswCheckView.xib in Resources */,
				6818B57A1E2C9EC9006BFE7D /* MuFileselectViewController.xib in Resources */,
				DAD47D2F1832615900E173A0 /* ic_strike.png in Resources */,
				DAD47D301832615900E173A0 /* ic_underline.png in Resources */,
				DACD12271833CDA600D4B9C5 /* ic_check.png in Resources */,
				DA442E2D183B796F008EF49B /* ic_pen.png in Resources */,
				DAD72804183E6F33005C14FA /* ic_trash.png in Resources */,
				DADF824D1905242800855662 /* ic_share.png in Resources */,
			);
			runOnlyForDeploymentPostprocessing = 0;
		};
/* End PBXResourcesBuildPhase section */

/* Begin PBXShellScriptBuildPhase section */
		685454E81E1E48370083354B /* ShellScript */ = {
			isa = PBXShellScriptBuildPhase;
			buildActionMask = 2147483647;
			files = (
			);
			inputPaths = (
			);
			outputPaths = (
				"$(DERIVED_FILE_DIR)/libmupdf.a",
				"$(DERIVED_FILE_DIR)/libmupdfthird.a",
			);
			runOnlyForDeploymentPostprocessing = 0;
			shellPath = /bin/sh;
			shellScript = "bash build_libs.sh";
		};
		685455191E1E48370083354B /* ShellScript */ = {
			isa = PBXShellScriptBuildPhase;
			buildActionMask = 2147483647;
			files = (
			);
			inputPaths = (
			);
			outputPaths = (
			);
			runOnlyForDeploymentPostprocessing = 0;
			shellPath = /bin/sh;
			shellScript = "if [ \"$COMMAND_LINE_POSTBUILD_SCRIPT\" != \"\" ] ;\nthen\n    exec bash $COMMAND_LINE_POSTBUILD_SCRIPT\nfi\n";
		};
		687BECFE1E5BEB4B00DE551E /* ShellScript */ = {
			isa = PBXShellScriptBuildPhase;
			buildActionMask = 2147483647;
			files = (
			);
			inputPaths = (
			);
			outputPaths = (
				"$(DERIVED_FILE_DIR)/libmupdf.a",
				"$(DERIVED_FILE_DIR)/libmupdfthird.a",
			);
			runOnlyForDeploymentPostprocessing = 0;
			shellPath = /bin/sh;
			shellScript = "bash build_libs.sh";
		};
		687BED3B1E5BEB4B00DE551E /* ShellScript */ = {
			isa = PBXShellScriptBuildPhase;
			buildActionMask = 2147483647;
			files = (
			);
			inputPaths = (
			);
			outputPaths = (
			);
			runOnlyForDeploymentPostprocessing = 0;
			shellPath = /bin/sh;
			shellScript = "if [ \"$COMMAND_LINE_POSTBUILD_SCRIPT\" != \"\" ] ;\nthen\n    exec bash $COMMAND_LINE_POSTBUILD_SCRIPT\nfi\n";
		};
		9614D56A1779A81D00F1879E /* ShellScript */ = {
			isa = PBXShellScriptBuildPhase;
			buildActionMask = 2147483647;
			files = (
			);
			inputPaths = (
			);
			outputPaths = (
				"$(DERIVED_FILE_DIR)/libmupdf.a",
				"$(DERIVED_FILE_DIR)/libmupdfthird.a",
			);
			runOnlyForDeploymentPostprocessing = 0;
			shellPath = /bin/sh;
			shellScript = "bash build_libs.sh";
		};
		C9E0CC68196EE93F006EB94D /* ShellScript */ = {
			isa = PBXShellScriptBuildPhase;
			buildActionMask = 2147483647;
			files = (
			);
			inputPaths = (
			);
			outputPaths = (
			);
			runOnlyForDeploymentPostprocessing = 0;
			shellPath = /bin/sh;
			shellScript = "if [ \"$COMMAND_LINE_POSTBUILD_SCRIPT\" != \"\" ] ;\nthen\n    exec bash $COMMAND_LINE_POSTBUILD_SCRIPT\nfi\n";
		};
/* End PBXShellScriptBuildPhase section */

/* Begin PBXSourcesBuildPhase section */
		685454E91E1E48370083354B /* Sources */ = {
			isa = PBXSourcesBuildPhase;
			buildActionMask = 2147483647;
			files = (
				685455381E1E4B5F0083354B /* MuAnnotation.m in Sources */,
				68A9C4081E67C300002EE436 /* NTKOEspFile.mm in Sources */,
				685454F21E1E48370083354B /* main.m in Sources */,
				685455331E1E4B5F0083354B /* MuHitView.m in Sources */,
				685455351E1E4B5F0083354B /* MuInkView.m in Sources */,
				685455311E1E4B5F0083354B /* MuLibraryController.m in Sources */,
				6835282C1E640017008333F3 /* NTKODsNormalFile.m in Sources */,
				685455371E1E4B5F0083354B /* MuWord.m in Sources */,
				6854553A1E1E4B5F0083354B /* MuDocumentController.m in Sources */,
				685455411E1E4B5F0083354B /* MuPrintPageRenderer.m in Sources */,
				68A9C40A1E67C329002EE436 /* NTKOBaseView.m in Sources */,
				685455341E1E4B5F0083354B /* MuTextSelectView.m in Sources */,
				6854553F1E1E4B5F0083354B /* MuTextFieldController.m in Sources */,
				685455391E1E4B5F0083354B /* MuPageViewNormal.m in Sources */,
				6854552E1E1E4B5F0083354B /* MuHanddrawView.m in Sources */,
				6854553B1E1E4B5F0083354B /* MuAppDelegate.m in Sources */,
				682566CD1E6EB5F700C25A4D /* NTKOPfxFile.m in Sources */,
				685454F31E1E48370083354B /* common.m in Sources */,
				6854553C1E1E4B5F0083354B /* MuDocRef.m in Sources */,
				6854552D1E1E4B5F0083354B /* MuFileselectViewController.m in Sources */,
				68A9C4171E67DD4E002EE436 /* NTKOPswCheckViewController.m in Sources */,
				685455321E1E4B5F0083354B /* MuOutlineController.m in Sources */,
				683528301E640017008333F3 /* NTKOViewController.m in Sources */,
				6854553D1E1E4B5F0083354B /* MuPageViewReflow.m in Sources */,
				685455301E1E4B5F0083354B /* MuSignView.m in Sources */,
				6854553E1E1E4B5F0083354B /* MuTapResult.m in Sources */,
				685455361E1E4B5F0083354B /* MuAnnotSelectView.m in Sources */,
				685455401E1E4B5F0083354B /* MuChoiceFieldController.m in Sources */,
			);
			runOnlyForDeploymentPostprocessing = 0;
		};
		687BECFF1E5BEB4B00DE551E /* Sources */ = {
			isa = PBXSourcesBuildPhase;
			buildActionMask = 2147483647;
			files = (
				687BED001E5BEB4B00DE551E /* MuAnnotation.m in Sources */,
				68A9C4071E67C2FE002EE436 /* NTKOEspFile.mm in Sources */,
				683528311E640017008333F3 /* NTKOViewController.m in Sources */,
				687BED011E5BEB4B00DE551E /* main.m in Sources */,
				687BED021E5BEB4B00DE551E /* MuHitView.m in Sources */,
				6835282D1E640017008333F3 /* NTKODsNormalFile.m in Sources */,
				687BED031E5BEB4B00DE551E /* MuInkView.m in Sources */,
				687BED041E5BEB4B00DE551E /* MuLibraryController.m in Sources */,
				687BED051E5BEB4B00DE551E /* MuWord.m in Sources */,
				687BED061E5BEB4B00DE551E /* MuDocumentController.m in Sources */,
				687BED071E5BEB4B00DE551E /* MuPrintPageRenderer.m in Sources */,
				68A9C4091E67C327002EE436 /* NTKOBaseView.m in Sources */,
				687BED081E5BEB4B00DE551E /* MuTextSelectView.m in Sources */,
				687BED091E5BEB4B00DE551E /* MuTextFieldController.m in Sources */,
				687BED0A1E5BEB4B00DE551E /* MuPageViewNormal.m in Sources */,
				687BED0B1E5BEB4B00DE551E /* MuHanddrawView.m in Sources */,
				687BED0C1E5BEB4B00DE551E /* MuAppDelegate.m in Sources */,
				682566CE1E6EB5F700C25A4D /* NTKOPfxFile.m in Sources */,
				687BED0D1E5BEB4B00DE551E /* common.m in Sources */,
				687BED0E1E5BEB4B00DE551E /* MuDocRef.m in Sources */,
				687BED0F1E5BEB4B00DE551E /* MuFileselectViewController.m in Sources */,
				68A9C4161E67DD4E002EE436 /* NTKOPswCheckViewController.m in Sources */,
				6835282F1E640017008333F3 /* NTKOLoginView.m in Sources */,
				687BED111E5BEB4B00DE551E /* MuOutlineController.m in Sources */,
				687BED121E5BEB4B00DE551E /* MuPageViewReflow.m in Sources */,
				687BED131E5BEB4B00DE551E /* MuSignView.m in Sources */,
				687BED141E5BEB4B00DE551E /* MuTapResult.m in Sources */,
				687BED151E5BEB4B00DE551E /* MuAnnotSelectView.m in Sources */,
				687BED161E5BEB4B00DE551E /* MuChoiceFieldController.m in Sources */,
			);
			runOnlyForDeploymentPostprocessing = 0;
		};
		968E1E391779A54F0050CEA3 /* Sources */ = {
			isa = PBXSourcesBuildPhase;
			buildActionMask = 2147483647;
			files = (
				685455511E1E4B600083354B /* MuAnnotation.m in Sources */,
				96C8ED011779A88E00A30AF4 /* main.m in Sources */,
				6854554C1E1E4B600083354B /* MuHitView.m in Sources */,
				6854554E1E1E4B600083354B /* MuInkView.m in Sources */,
				6854554A1E1E4B600083354B /* MuLibraryController.m in Sources */,
				685455501E1E4B600083354B /* MuWord.m in Sources */,
				685455531E1E4B600083354B /* MuDocumentController.m in Sources */,
				6854555A1E1E4B600083354B /* MuPrintPageRenderer.m in Sources */,
				6854554D1E1E4B600083354B /* MuTextSelectView.m in Sources */,
				685455581E1E4B600083354B /* MuTextFieldController.m in Sources */,
				685455521E1E4B600083354B /* MuPageViewNormal.m in Sources */,
				685455471E1E4B600083354B /* MuHanddrawView.m in Sources */,
				685455541E1E4B600083354B /* MuAppDelegate.m in Sources */,
				68A9C4181E67DD4E002EE436 /* NTKOPswCheckViewController.m in Sources */,
				DA1C68C417E8969C0061F586 /* common.m in Sources */,
				685455551E1E4B600083354B /* MuDocRef.m in Sources */,
				685455461E1E4B600083354B /* MuFileselectViewController.m in Sources */,
				6854554B1E1E4B600083354B /* MuOutlineController.m in Sources */,
				685455561E1E4B600083354B /* MuPageViewReflow.m in Sources */,
				685455491E1E4B600083354B /* MuSignView.m in Sources */,
				685455571E1E4B600083354B /* MuTapResult.m in Sources */,
				6854554F1E1E4B600083354B /* MuAnnotSelectView.m in Sources */,
				685455591E1E4B600083354B /* MuChoiceFieldController.m in Sources */,
			);
			runOnlyForDeploymentPostprocessing = 0;
		};
/* End PBXSourcesBuildPhase section */

/* Begin PBXTargetDependency section */
		685454E61E1E48370083354B /* PBXTargetDependency */ = {
			isa = PBXTargetDependency;
			target = 963AD8CB17D5FFD9000B0779 /* Generate */;
			targetProxy = 685454E71E1E48370083354B /* PBXContainerItemProxy */;
		};
		687BECFC1E5BEB4B00DE551E /* PBXTargetDependency */ = {
			isa = PBXTargetDependency;
			target = 963AD8CB17D5FFD9000B0779 /* Generate */;
			targetProxy = 687BECFD1E5BEB4B00DE551E /* PBXContainerItemProxy */;
		};
		963AD8D017D60084000B0779 /* PBXTargetDependency */ = {
			isa = PBXTargetDependency;
			target = 963AD8CB17D5FFD9000B0779 /* Generate */;
			targetProxy = 963AD8CF17D60084000B0779 /* PBXContainerItemProxy */;
		};
/* End PBXTargetDependency section */

/* Begin XCBuildConfiguration section */
		6854551B1E1E48370083354B /* Debug */ = {
			isa = XCBuildConfiguration;
			buildSettings = {
				ASSETCATALOG_COMPILER_APPICON_NAME = AppIcon;
				ASSETCATALOG_COMPILER_LAUNCHIMAGE_NAME = LaunchImage;
				CODE_SIGN_IDENTITY = "iPhone Developer";
				"CODE_SIGN_IDENTITY[sdk=iphoneos*]" = "iPhone Developer";
				CORE_ESP = yes;
				DEVELOPMENT_TEAM = C4W745U45Q;
				GCC_OPTIMIZATION_LEVEL = 0;
				GCC_PREPROCESSOR_DEFINITIONS = (
					"$(COMMAND_LINE_DEFINES)",
					DEBUG,
					debug,
				);
				HAVE_LIBCRYPTO = yes;
				INFOPLIST_FILE = "$(SRCROOT)/MuPDF_openssl_sign-Info.plist";
				IPHONEOS_DEPLOYMENT_TARGET = 8.0;
				PRODUCT_BUNDLE_IDENTIFIER = com.z.mupdf;
				PRODUCT_NAME = "$(TARGET_NAME)";
				PROVISIONING_PROFILE = "";
				SDKROOT = iphoneos;
				TARGETED_DEVICE_FAMILY = "1,2";
				USER_HEADER_SEARCH_PATHS = ../../include;
			};
			name = Debug;
		};
		6854551C1E1E48370083354B /* Release */ = {
			isa = XCBuildConfiguration;
			buildSettings = {
				ASSETCATALOG_COMPILER_APPICON_NAME = AppIcon;
				ASSETCATALOG_COMPILER_LAUNCHIMAGE_NAME = LaunchImage;
				CODE_SIGN_IDENTITY = "iPhone Developer";
				"CODE_SIGN_IDENTITY[sdk=iphoneos*]" = "iPhone Developer";
				CORE_ESP = yes;
				DEVELOPMENT_TEAM = C4W745U45Q;
				GCC_OPTIMIZATION_LEVEL = s;
				GCC_PREPROCESSOR_DEFINITIONS = (
					"$(COMMAND_LINE_DEFINES)",
					RELEASE,
					release,
				);
				HAVE_LIBCRYPTO = yes;
				INFOPLIST_FILE = "$(SRCROOT)/MuPDF_openssl_sign-Info.plist";
				IPHONEOS_DEPLOYMENT_TARGET = 8.0;
				PRODUCT_BUNDLE_IDENTIFIER = com.z.mupdf;
				PRODUCT_NAME = "$(TARGET_NAME)";
				PROVISIONING_PROFILE = "";
				SDKROOT = iphoneos;
				TARGETED_DEVICE_FAMILY = "1,2";
				USER_HEADER_SEARCH_PATHS = ../../include;
			};
			name = Release;
		};
		687BED3D1E5BEB4B00DE551E /* Debug */ = {
			isa = XCBuildConfiguration;
			buildSettings = {
				ASSETCATALOG_COMPILER_APPICON_NAME = AppIcon;
				ASSETCATALOG_COMPILER_LAUNCHIMAGE_NAME = LaunchImage;
				CODE_SIGN_IDENTITY = "iPhone Developer";
				"CODE_SIGN_IDENTITY[sdk=iphoneos*]" = "iPhone Developer";
				DEVELOPMENT_TEAM = C4W745U45Q;
				GCC_OPTIMIZATION_LEVEL = 0;
				GCC_PREPROCESSOR_DEFINITIONS = (
					NTKO_SERVER_SIGN,
					DEBUG,
					debug,
				);
				HAVE_LIBCRYPTO = yes;
				INFOPLIST_FILE = "$(SRCROOT)/MuPDF_openssl_sign_svr-Info.plist";
				IPHONEOS_DEPLOYMENT_TARGET = 8.0;
				PRODUCT_BUNDLE_IDENTIFIER = com.z.mupdf;
				PRODUCT_NAME = "$(TARGET_NAME)";
				PROVISIONING_PROFILE = "";
				SDKROOT = iphoneos;
				SVR_SIGN = yes;
				TARGETED_DEVICE_FAMILY = "1,2";
				USER_HEADER_SEARCH_PATHS = ../../include;
			};
			name = Debug;
		};
		687BED3E1E5BEB4B00DE551E /* Release */ = {
			isa = XCBuildConfiguration;
			buildSettings = {
				ASSETCATALOG_COMPILER_APPICON_NAME = AppIcon;
				ASSETCATALOG_COMPILER_LAUNCHIMAGE_NAME = LaunchImage;
				CODE_SIGN_IDENTITY = "iPhone Developer";
				"CODE_SIGN_IDENTITY[sdk=iphoneos*]" = "iPhone Developer";
				DEVELOPMENT_TEAM = C4W745U45Q;
				GCC_OPTIMIZATION_LEVEL = s;
				GCC_PREPROCESSOR_DEFINITIONS = (
					NTKO_SERVER_SIGN,
					RELEASE,
					release,
				);
				HAVE_LIBCRYPTO = yes;
				INFOPLIST_FILE = "$(SRCROOT)/MuPDF_openssl_sign_svr-Info.plist";
				IPHONEOS_DEPLOYMENT_TARGET = 8.0;
				PRODUCT_BUNDLE_IDENTIFIER = com.z.mupdf;
				PRODUCT_NAME = "$(TARGET_NAME)";
				PROVISIONING_PROFILE = "";
				SDKROOT = iphoneos;
				SVR_SIGN = yes;
				TARGETED_DEVICE_FAMILY = "1,2";
				USER_HEADER_SEARCH_PATHS = ../../include;
			};
			name = Release;
		};
		963AD8CC17D5FFD9000B0779 /* Debug */ = {
			isa = XCBuildConfiguration;
			buildSettings = {
				PRODUCT_NAME = "$(TARGET_NAME)";
				SDKROOT = macosx;
			};
			name = Debug;
		};
		963AD8CD17D5FFD9000B0779 /* Release */ = {
			isa = XCBuildConfiguration;
			buildSettings = {
				PRODUCT_NAME = "$(TARGET_NAME)";
				SDKROOT = macosx;
			};
			name = Release;
		};
		968E1E581779A54F0050CEA3 /* Debug */ = {
			isa = XCBuildConfiguration;
			buildSettings = {
				CLANG_ENABLE_MODULES = YES;
				CLANG_MODULES_AUTOLINK = YES;
				CLANG_WARN_BOOL_CONVERSION = YES;
				CLANG_WARN_CONSTANT_CONVERSION = YES;
				CLANG_WARN_EMPTY_BODY = YES;
				CLANG_WARN_ENUM_CONVERSION = YES;
				CLANG_WARN_INFINITE_RECURSION = YES;
				CLANG_WARN_INT_CONVERSION = YES;
				CLANG_WARN_OBJC_ROOT_CLASS = YES_ERROR;
				CLANG_WARN_SUSPICIOUS_MOVE = YES;
				CLANG_WARN_UNREACHABLE_CODE = YES;
				CLANG_WARN__DUPLICATE_METHOD_MATCH = YES;
				COMMAND_LINE_DEFINES = "";
				COMMAND_LINE_FRAMEWORK_SEARCH_PATHS = "";
				COMMAND_LINE_LINKER_FLAGS = "";
				ENABLE_STRICT_OBJC_MSGSEND = YES;
				ENABLE_TESTABILITY = YES;
				FRAMEWORK_SEARCH_PATHS = "$(COMMAND_LINE_FRAMEWORKS_SEARCH_PATH)";
				GCC_NO_COMMON_BLOCKS = YES;
				GCC_PREPROCESSOR_DEFINITIONS = "$(COMMAND_LINE_DEFINES)";
				GCC_WARN_64_TO_32_BIT_CONVERSION = YES;
				GCC_WARN_ABOUT_RETURN_TYPE = YES_ERROR;
				GCC_WARN_UNDECLARED_SELECTOR = YES;
				GCC_WARN_UNINITIALIZED_AUTOS = YES_AGGRESSIVE;
				GCC_WARN_UNUSED_FUNCTION = YES;
				GCC_WARN_UNUSED_VARIABLE = YES;
				IPHONEOS_DEPLOYMENT_TARGET = 8.0;
				ONLY_ACTIVE_ARCH = YES;
				OTHER_LDFLAGS = "$(COMMAND_LINE_LINKER_FLAGS)";
			};
			name = Debug;
		};
		968E1E591779A54F0050CEA3 /* Release */ = {
			isa = XCBuildConfiguration;
			buildSettings = {
				CLANG_ENABLE_MODULES = YES;
				CLANG_MODULES_AUTOLINK = YES;
				CLANG_WARN_BOOL_CONVERSION = YES;
				CLANG_WARN_CONSTANT_CONVERSION = YES;
				CLANG_WARN_EMPTY_BODY = YES;
				CLANG_WARN_ENUM_CONVERSION = YES;
				CLANG_WARN_INFINITE_RECURSION = YES;
				CLANG_WARN_INT_CONVERSION = YES;
				CLANG_WARN_OBJC_ROOT_CLASS = YES_ERROR;
				CLANG_WARN_SUSPICIOUS_MOVE = YES;
				CLANG_WARN_UNREACHABLE_CODE = YES;
				CLANG_WARN__DUPLICATE_METHOD_MATCH = YES;
				COMMAND_LINE_DEFINES = "";
				COMMAND_LINE_FRAMEWORK_SEARCH_PATHS = "";
				COMMAND_LINE_LINKER_FLAGS = "";
				ENABLE_STRICT_OBJC_MSGSEND = YES;
				FRAMEWORK_SEARCH_PATHS = "$(COMMAND_LINE_FRAMEWORKS_SEARCH_PATH)";
				GCC_NO_COMMON_BLOCKS = YES;
				GCC_PREPROCESSOR_DEFINITIONS = "$(COMMAND_LINE_DEFINES)";
				GCC_WARN_64_TO_32_BIT_CONVERSION = YES;
				GCC_WARN_ABOUT_RETURN_TYPE = YES_ERROR;
				GCC_WARN_UNDECLARED_SELECTOR = YES;
				GCC_WARN_UNINITIALIZED_AUTOS = YES_AGGRESSIVE;
				GCC_WARN_UNUSED_FUNCTION = YES;
				GCC_WARN_UNUSED_VARIABLE = YES;
				IPHONEOS_DEPLOYMENT_TARGET = 8.0;
				OTHER_LDFLAGS = "$(COMMAND_LINE_LINKER_FLAGS)";
			};
			name = Release;
		};
		968E1E5B1779A54F0050CEA3 /* Debug */ = {
			isa = XCBuildConfiguration;
			buildSettings = {
				ASSETCATALOG_COMPILER_APPICON_NAME = AppIcon;
				ASSETCATALOG_COMPILER_LAUNCHIMAGE_NAME = LaunchImage;
				CODE_SIGN_IDENTITY = "iPhone Developer";
				"CODE_SIGN_IDENTITY[sdk=iphoneos*]" = "iPhone Developer";
				DEVELOPMENT_TEAM = C4W745U45Q;
				GCC_OPTIMIZATION_LEVEL = 0;
				GCC_PREPROCESSOR_DEFINITIONS = (
					"$(COMMAND_LINE_DEFINES)",
					DEBUG,
				);
				INFOPLIST_FILE = "$(SRCROOT)/Info.plist";
				IPHONEOS_DEPLOYMENT_TARGET = 8.0;
				PRODUCT_BUNDLE_IDENTIFIER = com.z.mupdf;
				PRODUCT_NAME = "$(TARGET_NAME)";
				PROVISIONING_PROFILE = "";
				SDKROOT = iphoneos;
				TARGETED_DEVICE_FAMILY = "1,2";
				USER_HEADER_SEARCH_PATHS = ../../include;
			};
			name = Debug;
		};
		968E1E5C1779A54F0050CEA3 /* Release */ = {
			isa = XCBuildConfiguration;
			buildSettings = {
				ASSETCATALOG_COMPILER_APPICON_NAME = AppIcon;
				ASSETCATALOG_COMPILER_LAUNCHIMAGE_NAME = LaunchImage;
				CODE_SIGN_IDENTITY = "iPhone Developer";
				"CODE_SIGN_IDENTITY[sdk=iphoneos*]" = "iPhone Developer";
				DEVELOPMENT_TEAM = C4W745U45Q;
				GCC_OPTIMIZATION_LEVEL = s;
				GCC_PREPROCESSOR_DEFINITIONS = (
					"$(COMMAND_LINE_DEFINES)",
					RELEASE,
				);
				INFOPLIST_FILE = "$(SRCROOT)/Info.plist";
				IPHONEOS_DEPLOYMENT_TARGET = 8.0;
				PRODUCT_BUNDLE_IDENTIFIER = com.z.mupdf;
				PRODUCT_NAME = "$(TARGET_NAME)";
				PROVISIONING_PROFILE = "";
				SDKROOT = iphoneos;
				TARGETED_DEVICE_FAMILY = "1,2";
				USER_HEADER_SEARCH_PATHS = ../../include;
			};
			name = Release;
		};
/* End XCBuildConfiguration section */

/* Begin XCConfigurationList section */
		6854551A1E1E48370083354B /* Build configuration list for PBXNativeTarget "MuPDF_openssl_sign" */ = {
			isa = XCConfigurationList;
			buildConfigurations = (
				6854551B1E1E48370083354B /* Debug */,
				6854551C1E1E48370083354B /* Release */,
			);
			defaultConfigurationIsVisible = 0;
			defaultConfigurationName = Release;
		};
		687BED3C1E5BEB4B00DE551E /* Build configuration list for PBXNativeTarget "MuPDF_openssl_sign_svr" */ = {
			isa = XCConfigurationList;
			buildConfigurations = (
				687BED3D1E5BEB4B00DE551E /* Debug */,
				687BED3E1E5BEB4B00DE551E /* Release */,
			);
			defaultConfigurationIsVisible = 0;
			defaultConfigurationName = Release;
		};
		963AD8CE17D5FFD9000B0779 /* Build configuration list for PBXLegacyTarget "Generate" */ = {
			isa = XCConfigurationList;
			buildConfigurations = (
				963AD8CC17D5FFD9000B0779 /* Debug */,
				963AD8CD17D5FFD9000B0779 /* Release */,
			);
			defaultConfigurationIsVisible = 0;
			defaultConfigurationName = Release;
		};
		968E1E381779A54F0050CEA3 /* Build configuration list for PBXProject "MuPDF" */ = {
			isa = XCConfigurationList;
			buildConfigurations = (
				968E1E581779A54F0050CEA3 /* Debug */,
				968E1E591779A54F0050CEA3 /* Release */,
			);
			defaultConfigurationIsVisible = 0;
			defaultConfigurationName = Release;
		};
		968E1E5A1779A54F0050CEA3 /* Build configuration list for PBXNativeTarget "MuPDF" */ = {
			isa = XCConfigurationList;
			buildConfigurations = (
				968E1E5B1779A54F0050CEA3 /* Debug */,
				968E1E5C1779A54F0050CEA3 /* Release */,
			);
			defaultConfigurationIsVisible = 0;
			defaultConfigurationName = Release;
		};
/* End XCConfigurationList section */
	};
	rootObject = 968E1E351779A54F0050CEA3 /* Project object */;
}
